// !$*UTF8*$!
{
	archiveVersion = 1;
	classes = {
	};
	objectVersion = 56;
	objects = {

/* Begin PBXBuildFile section */
		5327CF222AFA4BBE00F6B175 /* CodingChallengeVolocopterApp.swift in Sources */ = {isa = PBXBuildFile; fileRef = 5327CF212AFA4BBE00F6B175 /* CodingChallengeVolocopterApp.swift */; };
		5327CF242AFA4BBE00F6B175 /* ContentView.swift in Sources */ = {isa = PBXBuildFile; fileRef = 5327CF232AFA4BBE00F6B175 /* ContentView.swift */; };
		5327CF262AFA4BBF00F6B175 /* Assets.xcassets in Resources */ = {isa = PBXBuildFile; fileRef = 5327CF252AFA4BBF00F6B175 /* Assets.xcassets */; };
		5327CF292AFA4BBF00F6B175 /* Preview Assets.xcassets in Resources */ = {isa = PBXBuildFile; fileRef = 5327CF282AFA4BBF00F6B175 /* Preview Assets.xcassets */; };
		5327CF2B2AFA4BBF00F6B175 /* Persistence.swift in Sources */ = {isa = PBXBuildFile; fileRef = 5327CF2A2AFA4BBF00F6B175 /* Persistence.swift */; };
		5327CF2E2AFA4BBF00F6B175 /* CodingChallengeVolocopter.xcdatamodeld in Sources */ = {isa = PBXBuildFile; fileRef = 5327CF2C2AFA4BBF00F6B175 /* CodingChallengeVolocopter.xcdatamodeld */; };
		5327CF382AFA4BBF00F6B175 /* CodingChallengeVolocopterTests.swift in Sources */ = {isa = PBXBuildFile; fileRef = 5327CF372AFA4BBF00F6B175 /* CodingChallengeVolocopterTests.swift */; };
		5327CF422AFA4BBF00F6B175 /* CodingChallengeVolocopterUITests.swift in Sources */ = {isa = PBXBuildFile; fileRef = 5327CF412AFA4BBF00F6B175 /* CodingChallengeVolocopterUITests.swift */; };
		5327CF442AFA4BBF00F6B175 /* CodingChallengeVolocopterUITestsLaunchTests.swift in Sources */ = {isa = PBXBuildFile; fileRef = 5327CF432AFA4BBF00F6B175 /* CodingChallengeVolocopterUITestsLaunchTests.swift */; };
/* End PBXBuildFile section */

/* Begin PBXContainerItemProxy section */
		5327CF342AFA4BBF00F6B175 /* PBXContainerItemProxy */ = {
			isa = PBXContainerItemProxy;
			containerPortal = 5327CF162AFA4BBE00F6B175 /* Project object */;
			proxyType = 1;
			remoteGlobalIDString = 5327CF1D2AFA4BBE00F6B175;
			remoteInfo = CodingChallengeVolocopter;
		};
		5327CF3E2AFA4BBF00F6B175 /* PBXContainerItemProxy */ = {
			isa = PBXContainerItemProxy;
			containerPortal = 5327CF162AFA4BBE00F6B175 /* Project object */;
			proxyType = 1;
			remoteGlobalIDString = 5327CF1D2AFA4BBE00F6B175;
			remoteInfo = CodingChallengeVolocopter;
		};
/* End PBXContainerItemProxy section */

/* Begin PBXFileReference section */
		5327CF1E2AFA4BBE00F6B175 /* CodingChallengeVolocopter.app */ = {isa = PBXFileReference; explicitFileType = wrapper.application; includeInIndex = 0; path = CodingChallengeVolocopter.app; sourceTree = BUILT_PRODUCTS_DIR; };
		5327CF212AFA4BBE00F6B175 /* CodingChallengeVolocopterApp.swift */ = {isa = PBXFileReference; lastKnownFileType = sourcecode.swift; path = CodingChallengeVolocopterApp.swift; sourceTree = "<group>"; };
		5327CF232AFA4BBE00F6B175 /* ContentView.swift */ = {isa = PBXFileReference; lastKnownFileType = sourcecode.swift; path = ContentView.swift; sourceTree = "<group>"; };
		5327CF252AFA4BBF00F6B175 /* Assets.xcassets */ = {isa = PBXFileReference; lastKnownFileType = folder.assetcatalog; path = Assets.xcassets; sourceTree = "<group>"; };
		5327CF282AFA4BBF00F6B175 /* Preview Assets.xcassets */ = {isa = PBXFileReference; lastKnownFileType = folder.assetcatalog; path = "Preview Assets.xcassets"; sourceTree = "<group>"; };
		5327CF2A2AFA4BBF00F6B175 /* Persistence.swift */ = {isa = PBXFileReference; lastKnownFileType = sourcecode.swift; path = Persistence.swift; sourceTree = "<group>"; };
		5327CF2D2AFA4BBF00F6B175 /* CodingChallengeVolocopter.xcdatamodel */ = {isa = PBXFileReference; lastKnownFileType = wrapper.xcdatamodel; path = CodingChallengeVolocopter.xcdatamodel; sourceTree = "<group>"; };
		5327CF332AFA4BBF00F6B175 /* CodingChallengeVolocopterTests.xctest */ = {isa = PBXFileReference; explicitFileType = wrapper.cfbundle; includeInIndex = 0; path = CodingChallengeVolocopterTests.xctest; sourceTree = BUILT_PRODUCTS_DIR; };
		5327CF372AFA4BBF00F6B175 /* CodingChallengeVolocopterTests.swift */ = {isa = PBXFileReference; lastKnownFileType = sourcecode.swift; path = CodingChallengeVolocopterTests.swift; sourceTree = "<group>"; };
		5327CF3D2AFA4BBF00F6B175 /* CodingChallengeVolocopterUITests.xctest */ = {isa = PBXFileReference; explicitFileType = wrapper.cfbundle; includeInIndex = 0; path = CodingChallengeVolocopterUITests.xctest; sourceTree = BUILT_PRODUCTS_DIR; };
		5327CF412AFA4BBF00F6B175 /* CodingChallengeVolocopterUITests.swift */ = {isa = PBXFileReference; lastKnownFileType = sourcecode.swift; path = CodingChallengeVolocopterUITests.swift; sourceTree = "<group>"; };
		5327CF432AFA4BBF00F6B175 /* CodingChallengeVolocopterUITestsLaunchTests.swift */ = {isa = PBXFileReference; lastKnownFileType = sourcecode.swift; path = CodingChallengeVolocopterUITestsLaunchTests.swift; sourceTree = "<group>"; };
/* End PBXFileReference section */

/* Begin PBXFrameworksBuildPhase section */
		5327CF1B2AFA4BBE00F6B175 /* Frameworks */ = {
			isa = PBXFrameworksBuildPhase;
			buildActionMask = 2147483647;
			files = (
			);
			runOnlyForDeploymentPostprocessing = 0;
		};
		5327CF302AFA4BBF00F6B175 /* Frameworks */ = {
			isa = PBXFrameworksBuildPhase;
			buildActionMask = 2147483647;
			files = (
			);
			runOnlyForDeploymentPostprocessing = 0;
		};
		5327CF3A2AFA4BBF00F6B175 /* Frameworks */ = {
			isa = PBXFrameworksBuildPhase;
			buildActionMask = 2147483647;
			files = (
			);
			runOnlyForDeploymentPostprocessing = 0;
		};
/* End PBXFrameworksBuildPhase section */

/* Begin PBXGroup section */
		5327CF152AFA4BBE00F6B175 = {
			isa = PBXGroup;
			children = (
				5327CF202AFA4BBE00F6B175 /* CodingChallengeVolocopter */,
				5327CF362AFA4BBF00F6B175 /* CodingChallengeVolocopterTests */,
				5327CF402AFA4BBF00F6B175 /* CodingChallengeVolocopterUITests */,
				5327CF1F2AFA4BBE00F6B175 /* Products */,
			);
			sourceTree = "<group>";
		};
		5327CF1F2AFA4BBE00F6B175 /* Products */ = {
			isa = PBXGroup;
			children = (
				5327CF1E2AFA4BBE00F6B175 /* CodingChallengeVolocopter.app */,
				5327CF332AFA4BBF00F6B175 /* CodingChallengeVolocopterTests.xctest */,
				5327CF3D2AFA4BBF00F6B175 /* CodingChallengeVolocopterUITests.xctest */,
			);
			name = Products;
			sourceTree = "<group>";
		};
		5327CF202AFA4BBE00F6B175 /* CodingChallengeVolocopter */ = {
			isa = PBXGroup;
			children = (
				5327CF212AFA4BBE00F6B175 /* CodingChallengeVolocopterApp.swift */,
				5327CF232AFA4BBE00F6B175 /* ContentView.swift */,
				5327CF252AFA4BBF00F6B175 /* Assets.xcassets */,
				5327CF2A2AFA4BBF00F6B175 /* Persistence.swift */,
				5327CF2C2AFA4BBF00F6B175 /* CodingChallengeVolocopter.xcdatamodeld */,
				5327CF272AFA4BBF00F6B175 /* Preview Content */,
			);
			path = CodingChallengeVolocopter;
			sourceTree = "<group>";
		};
		5327CF272AFA4BBF00F6B175 /* Preview Content */ = {
			isa = PBXGroup;
			children = (
				5327CF282AFA4BBF00F6B175 /* Preview Assets.xcassets */,
			);
			path = "Preview Content";
			sourceTree = "<group>";
		};
		5327CF362AFA4BBF00F6B175 /* CodingChallengeVolocopterTests */ = {
			isa = PBXGroup;
			children = (
				5327CF372AFA4BBF00F6B175 /* CodingChallengeVolocopterTests.swift */,
			);
			path = CodingChallengeVolocopterTests;
			sourceTree = "<group>";
		};
		5327CF402AFA4BBF00F6B175 /* CodingChallengeVolocopterUITests */ = {
			isa = PBXGroup;
			children = (
				5327CF412AFA4BBF00F6B175 /* CodingChallengeVolocopterUITests.swift */,
				5327CF432AFA4BBF00F6B175 /* CodingChallengeVolocopterUITestsLaunchTests.swift */,
			);
			path = CodingChallengeVolocopterUITests;
			sourceTree = "<group>";
		};
/* End PBXGroup section */

/* Begin PBXNativeTarget section */
		5327CF1D2AFA4BBE00F6B175 /* CodingChallengeVolocopter */ = {
			isa = PBXNativeTarget;
			buildConfigurationList = 5327CF472AFA4BBF00F6B175 /* Build configuration list for PBXNativeTarget "CodingChallengeVolocopter" */;
			buildPhases = (
				5327CF1A2AFA4BBE00F6B175 /* Sources */,
				5327CF1B2AFA4BBE00F6B175 /* Frameworks */,
				5327CF1C2AFA4BBE00F6B175 /* Resources */,
			);
			buildRules = (
			);
			dependencies = (
			);
			name = CodingChallengeVolocopter;
			productName = CodingChallengeVolocopter;
			productReference = 5327CF1E2AFA4BBE00F6B175 /* CodingChallengeVolocopter.app */;
			productType = "com.apple.product-type.application";
		};
		5327CF322AFA4BBF00F6B175 /* CodingChallengeVolocopterTests */ = {
			isa = PBXNativeTarget;
			buildConfigurationList = 5327CF4A2AFA4BBF00F6B175 /* Build configuration list for PBXNativeTarget "CodingChallengeVolocopterTests" */;
			buildPhases = (
				5327CF2F2AFA4BBF00F6B175 /* Sources */,
				5327CF302AFA4BBF00F6B175 /* Frameworks */,
				5327CF312AFA4BBF00F6B175 /* Resources */,
			);
			buildRules = (
			);
			dependencies = (
				5327CF352AFA4BBF00F6B175 /* PBXTargetDependency */,
			);
			name = CodingChallengeVolocopterTests;
			productName = CodingChallengeVolocopterTests;
			productReference = 5327CF332AFA4BBF00F6B175 /* CodingChallengeVolocopterTests.xctest */;
			productType = "com.apple.product-type.bundle.unit-test";
		};
		5327CF3C2AFA4BBF00F6B175 /* CodingChallengeVolocopterUITests */ = {
			isa = PBXNativeTarget;
			buildConfigurationList = 5327CF4D2AFA4BBF00F6B175 /* Build configuration list for PBXNativeTarget "CodingChallengeVolocopterUITests" */;
			buildPhases = (
				5327CF392AFA4BBF00F6B175 /* Sources */,
				5327CF3A2AFA4BBF00F6B175 /* Frameworks */,
				5327CF3B2AFA4BBF00F6B175 /* Resources */,
			);
			buildRules = (
			);
			dependencies = (
				5327CF3F2AFA4BBF00F6B175 /* PBXTargetDependency */,
			);
			name = CodingChallengeVolocopterUITests;
			productName = CodingChallengeVolocopterUITests;
			productReference = 5327CF3D2AFA4BBF00F6B175 /* CodingChallengeVolocopterUITests.xctest */;
			productType = "com.apple.product-type.bundle.ui-testing";
		};
/* End PBXNativeTarget section */

/* Begin PBXProject section */
		5327CF162AFA4BBE00F6B175 /* Project object */ = {
			isa = PBXProject;
			attributes = {
				BuildIndependentTargetsInParallel = 1;
				LastSwiftUpdateCheck = 1430;
				LastUpgradeCheck = 1430;
				TargetAttributes = {
					5327CF1D2AFA4BBE00F6B175 = {
						CreatedOnToolsVersion = 14.3.1;
					};
					5327CF322AFA4BBF00F6B175 = {
						CreatedOnToolsVersion = 14.3.1;
						TestTargetID = 5327CF1D2AFA4BBE00F6B175;
					};
					5327CF3C2AFA4BBF00F6B175 = {
						CreatedOnToolsVersion = 14.3.1;
						TestTargetID = 5327CF1D2AFA4BBE00F6B175;
					};
				};
			};
			buildConfigurationList = 5327CF192AFA4BBE00F6B175 /* Build configuration list for PBXProject "CodingChallengeVolocopter" */;
			compatibilityVersion = "Xcode 14.0";
			developmentRegion = en;
			hasScannedForEncodings = 0;
			knownRegions = (
				en,
				Base,
			);
			mainGroup = 5327CF152AFA4BBE00F6B175;
			productRefGroup = 5327CF1F2AFA4BBE00F6B175 /* Products */;
			projectDirPath = "";
			projectRoot = "";
			targets = (
				5327CF1D2AFA4BBE00F6B175 /* CodingChallengeVolocopter */,
				5327CF322AFA4BBF00F6B175 /* CodingChallengeVolocopterTests */,
				5327CF3C2AFA4BBF00F6B175 /* CodingChallengeVolocopterUITests */,
			);
		};
/* End PBXProject section */

/* Begin PBXResourcesBuildPhase section */
		5327CF1C2AFA4BBE00F6B175 /* Resources */ = {
			isa = PBXResourcesBuildPhase;
			buildActionMask = 2147483647;
			files = (
				5327CF292AFA4BBF00F6B175 /* Preview Assets.xcassets in Resources */,
				5327CF262AFA4BBF00F6B175 /* Assets.xcassets in Resources */,
			);
			runOnlyForDeploymentPostprocessing = 0;
		};
		5327CF312AFA4BBF00F6B175 /* Resources */ = {
			isa = PBXResourcesBuildPhase;
			buildActionMask = 2147483647;
			files = (
			);
			runOnlyForDeploymentPostprocessing = 0;
		};
		5327CF3B2AFA4BBF00F6B175 /* Resources */ = {
			isa = PBXResourcesBuildPhase;
			buildActionMask = 2147483647;
			files = (
			);
			runOnlyForDeploymentPostprocessing = 0;
		};
/* End PBXResourcesBuildPhase section */

/* Begin PBXSourcesBuildPhase section */
		5327CF1A2AFA4BBE00F6B175 /* Sources */ = {
			isa = PBXSourcesBuildPhase;
			buildActionMask = 2147483647;
			files = (
				5327CF2B2AFA4BBF00F6B175 /* Persistence.swift in Sources */,
				5327CF242AFA4BBE00F6B175 /* ContentView.swift in Sources */,
				5327CF2E2AFA4BBF00F6B175 /* CodingChallengeVolocopter.xcdatamodeld in Sources */,
				5327CF222AFA4BBE00F6B175 /* CodingChallengeVolocopterApp.swift in Sources */,
			);
			runOnlyForDeploymentPostprocessing = 0;
		};
		5327CF2F2AFA4BBF00F6B175 /* Sources */ = {
			isa = PBXSourcesBuildPhase;
			buildActionMask = 2147483647;
			files = (
				5327CF382AFA4BBF00F6B175 /* CodingChallengeVolocopterTests.swift in Sources */,
			);
			runOnlyForDeploymentPostprocessing = 0;
		};
		5327CF392AFA4BBF00F6B175 /* Sources */ = {
			isa = PBXSourcesBuildPhase;
			buildActionMask = 2147483647;
			files = (
				5327CF422AFA4BBF00F6B175 /* CodingChallengeVolocopterUITests.swift in Sources */,
				5327CF442AFA4BBF00F6B175 /* CodingChallengeVolocopterUITestsLaunchTests.swift in Sources */,
			);
			runOnlyForDeploymentPostprocessing = 0;
		};
/* End PBXSourcesBuildPhase section */

/* Begin PBXTargetDependency section */
		5327CF352AFA4BBF00F6B175 /* PBXTargetDependency */ = {
			isa = PBXTargetDependency;
			target = 5327CF1D2AFA4BBE00F6B175 /* CodingChallengeVolocopter */;
			targetProxy = 5327CF342AFA4BBF00F6B175 /* PBXContainerItemProxy */;
		};
		5327CF3F2AFA4BBF00F6B175 /* PBXTargetDependency */ = {
			isa = PBXTargetDependency;
			target = 5327CF1D2AFA4BBE00F6B175 /* CodingChallengeVolocopter */;
			targetProxy = 5327CF3E2AFA4BBF00F6B175 /* PBXContainerItemProxy */;
		};
/* End PBXTargetDependency section */

/* Begin XCBuildConfiguration section */
		5327CF452AFA4BBF00F6B175 /* Debug */ = {
			isa = XCBuildConfiguration;
			buildSettings = {
				ALWAYS_SEARCH_USER_PATHS = NO;
				CLANG_ANALYZER_NONNULL = YES;
				CLANG_ANALYZER_NUMBER_OBJECT_CONVERSION = YES_AGGRESSIVE;
				CLANG_CXX_LANGUAGE_STANDARD = "gnu++20";
				CLANG_ENABLE_MODULES = YES;
				CLANG_ENABLE_OBJC_ARC = YES;
				CLANG_ENABLE_OBJC_WEAK = YES;
				CLANG_WARN_BLOCK_CAPTURE_AUTORELEASING = YES;
				CLANG_WARN_BOOL_CONVERSION = YES;
				CLANG_WARN_COMMA = YES;
				CLANG_WARN_CONSTANT_CONVERSION = YES;
				CLANG_WARN_DEPRECATED_OBJC_IMPLEMENTATIONS = YES;
				CLANG_WARN_DIRECT_OBJC_ISA_USAGE = YES_ERROR;
				CLANG_WARN_DOCUMENTATION_COMMENTS = YES;
				CLANG_WARN_EMPTY_BODY = YES;
				CLANG_WARN_ENUM_CONVERSION = YES;
				CLANG_WARN_INFINITE_RECURSION = YES;
				CLANG_WARN_INT_CONVERSION = YES;
				CLANG_WARN_NON_LITERAL_NULL_CONVERSION = YES;
				CLANG_WARN_OBJC_IMPLICIT_RETAIN_SELF = YES;
				CLANG_WARN_OBJC_LITERAL_CONVERSION = YES;
				CLANG_WARN_OBJC_ROOT_CLASS = YES_ERROR;
				CLANG_WARN_QUOTED_INCLUDE_IN_FRAMEWORK_HEADER = YES;
				CLANG_WARN_RANGE_LOOP_ANALYSIS = YES;
				CLANG_WARN_STRICT_PROTOTYPES = YES;
				CLANG_WARN_SUSPICIOUS_MOVE = YES;
				CLANG_WARN_UNGUARDED_AVAILABILITY = YES_AGGRESSIVE;
				CLANG_WARN_UNREACHABLE_CODE = YES;
				CLANG_WARN__DUPLICATE_METHOD_MATCH = YES;
				COPY_PHASE_STRIP = NO;
				DEBUG_INFORMATION_FORMAT = dwarf;
				ENABLE_STRICT_OBJC_MSGSEND = YES;
				ENABLE_TESTABILITY = YES;
				GCC_C_LANGUAGE_STANDARD = gnu11;
				GCC_DYNAMIC_NO_PIC = NO;
				GCC_NO_COMMON_BLOCKS = YES;
				GCC_OPTIMIZATION_LEVEL = 0;
				GCC_PREPROCESSOR_DEFINITIONS = (
					"DEBUG=1",
					"$(inherited)",
				);
				GCC_WARN_64_TO_32_BIT_CONVERSION = YES;
				GCC_WARN_ABOUT_RETURN_TYPE = YES_ERROR;
				GCC_WARN_UNDECLARED_SELECTOR = YES;
				GCC_WARN_UNINITIALIZED_AUTOS = YES_AGGRESSIVE;
				GCC_WARN_UNUSED_FUNCTION = YES;
				GCC_WARN_UNUSED_VARIABLE = YES;
				IPHONEOS_DEPLOYMENT_TARGET = 16.4;
				MTL_ENABLE_DEBUG_INFO = INCLUDE_SOURCE;
				MTL_FAST_MATH = YES;
				ONLY_ACTIVE_ARCH = YES;
				SDKROOT = iphoneos;
				SWIFT_ACTIVE_COMPILATION_CONDITIONS = DEBUG;
				SWIFT_OPTIMIZATION_LEVEL = "-Onone";
			};
			name = Debug;
		};
		5327CF462AFA4BBF00F6B175 /* Release */ = {
			isa = XCBuildConfiguration;
			buildSettings = {
				ALWAYS_SEARCH_USER_PATHS = NO;
				CLANG_ANALYZER_NONNULL = YES;
				CLANG_ANALYZER_NUMBER_OBJECT_CONVERSION = YES_AGGRESSIVE;
				CLANG_CXX_LANGUAGE_STANDARD = "gnu++20";
				CLANG_ENABLE_MODULES = YES;
				CLANG_ENABLE_OBJC_ARC = YES;
				CLANG_ENABLE_OBJC_WEAK = YES;
				CLANG_WARN_BLOCK_CAPTURE_AUTORELEASING = YES;
				CLANG_WARN_BOOL_CONVERSION = YES;
				CLANG_WARN_COMMA = YES;
				CLANG_WARN_CONSTANT_CONVERSION = YES;
				CLANG_WARN_DEPRECATED_OBJC_IMPLEMENTATIONS = YES;
				CLANG_WARN_DIRECT_OBJC_ISA_USAGE = YES_ERROR;
				CLANG_WARN_DOCUMENTATION_COMMENTS = YES;
				CLANG_WARN_EMPTY_BODY = YES;
				CLANG_WARN_ENUM_CONVERSION = YES;
				CLANG_WARN_INFINITE_RECURSION = YES;
				CLANG_WARN_INT_CONVERSION = YES;
				CLANG_WARN_NON_LITERAL_NULL_CONVERSION = YES;
				CLANG_WARN_OBJC_IMPLICIT_RETAIN_SELF = YES;
				CLANG_WARN_OBJC_LITERAL_CONVERSION = YES;
				CLANG_WARN_OBJC_ROOT_CLASS = YES_ERROR;
				CLANG_WARN_QUOTED_INCLUDE_IN_FRAMEWORK_HEADER = YES;
				CLANG_WARN_RANGE_LOOP_ANALYSIS = YES;
				CLANG_WARN_STRICT_PROTOTYPES = YES;
				CLANG_WARN_SUSPICIOUS_MOVE = YES;
				CLANG_WARN_UNGUARDED_AVAILABILITY = YES_AGGRESSIVE;
				CLANG_WARN_UNREACHABLE_CODE = YES;
				CLANG_WARN__DUPLICATE_METHOD_MATCH = YES;
				COPY_PHASE_STRIP = NO;
				DEBUG_INFORMATION_FORMAT = "dwarf-with-dsym";
				ENABLE_NS_ASSERTIONS = NO;
				ENABLE_STRICT_OBJC_MSGSEND = YES;
				GCC_C_LANGUAGE_STANDARD = gnu11;
				GCC_NO_COMMON_BLOCKS = YES;
				GCC_WARN_64_TO_32_BIT_CONVERSION = YES;
				GCC_WARN_ABOUT_RETURN_TYPE = YES_ERROR;
				GCC_WARN_UNDECLARED_SELECTOR = YES;
				GCC_WARN_UNINITIALIZED_AUTOS = YES_AGGRESSIVE;
				GCC_WARN_UNUSED_FUNCTION = YES;
				GCC_WARN_UNUSED_VARIABLE = YES;
				IPHONEOS_DEPLOYMENT_TARGET = 16.4;
				MTL_ENABLE_DEBUG_INFO = NO;
				MTL_FAST_MATH = YES;
				SDKROOT = iphoneos;
				SWIFT_COMPILATION_MODE = wholemodule;
				SWIFT_OPTIMIZATION_LEVEL = "-O";
				VALIDATE_PRODUCT = YES;
			};
			name = Release;
		};
		5327CF482AFA4BBF00F6B175 /* Debug */ = {
			isa = XCBuildConfiguration;
			buildSettings = {
				ASSETCATALOG_COMPILER_APPICON_NAME = AppIcon;
				ASSETCATALOG_COMPILER_GLOBAL_ACCENT_COLOR_NAME = AccentColor;
				CODE_SIGN_STYLE = Automatic;
				CURRENT_PROJECT_VERSION = 1;
				DEVELOPMENT_ASSET_PATHS = "\"CodingChallengeVolocopter/Preview Content\"";
				DEVELOPMENT_TEAM = AC9G84FCG3;
				ENABLE_PREVIEWS = YES;
				GENERATE_INFOPLIST_FILE = YES;
				INFOPLIST_KEY_UIApplicationSceneManifest_Generation = YES;
				INFOPLIST_KEY_UIApplicationSupportsIndirectInputEvents = YES;
				INFOPLIST_KEY_UILaunchScreen_Generation = YES;
				INFOPLIST_KEY_UISupportedInterfaceOrientations_iPad = "UIInterfaceOrientationPortrait UIInterfaceOrientationPortraitUpsideDown UIInterfaceOrientationLandscapeLeft UIInterfaceOrientationLandscapeRight";
				INFOPLIST_KEY_UISupportedInterfaceOrientations_iPhone = "UIInterfaceOrientationPortrait UIInterfaceOrientationLandscapeLeft UIInterfaceOrientationLandscapeRight";
				LD_RUNPATH_SEARCH_PATHS = (
					"$(inherited)",
					"@executable_path/Frameworks",
				);
				MARKETING_VERSION = 1.0;
				PRODUCT_BUNDLE_IDENTIFIER = ayubi.CodingChallengeVolocopter;
				PRODUCT_NAME = "$(TARGET_NAME)";
				SWIFT_EMIT_LOC_STRINGS = YES;
				SWIFT_VERSION = 5.0;
				TARGETED_DEVICE_FAMILY = "1,2";
			};
			name = Debug;
		};
		5327CF492AFA4BBF00F6B175 /* Release */ = {
			isa = XCBuildConfiguration;
			buildSettings = {
				ASSETCATALOG_COMPILER_APPICON_NAME = AppIcon;
				ASSETCATALOG_COMPILER_GLOBAL_ACCENT_COLOR_NAME = AccentColor;
				CODE_SIGN_STYLE = Automatic;
				CURRENT_PROJECT_VERSION = 1;
				DEVELOPMENT_ASSET_PATHS = "\"CodingChallengeVolocopter/Preview Content\"";
				DEVELOPMENT_TEAM = AC9G84FCG3;
				ENABLE_PREVIEWS = YES;
				GENERATE_INFOPLIST_FILE = YES;
				INFOPLIST_KEY_UIApplicationSceneManifest_Generation = YES;
				INFOPLIST_KEY_UIApplicationSupportsIndirectInputEvents = YES;
				INFOPLIST_KEY_UILaunchScreen_Generation = YES;
				INFOPLIST_KEY_UISupportedInterfaceOrientations_iPad = "UIInterfaceOrientationPortrait UIInterfaceOrientationPortraitUpsideDown UIInterfaceOrientationLandscapeLeft UIInterfaceOrientationLandscapeRight";
				INFOPLIST_KEY_UISupportedInterfaceOrientations_iPhone = "UIInterfaceOrientationPortrait UIInterfaceOrientationLandscapeLeft UIInterfaceOrientationLandscapeRight";
				LD_RUNPATH_SEARCH_PATHS = (
					"$(inherited)",
					"@executable_path/Frameworks",
				);
				MARKETING_VERSION = 1.0;
				PRODUCT_BUNDLE_IDENTIFIER = ayubi.CodingChallengeVolocopter;
				PRODUCT_NAME = "$(TARGET_NAME)";
				SWIFT_EMIT_LOC_STRINGS = YES;
				SWIFT_VERSION = 5.0;
				TARGETED_DEVICE_FAMILY = "1,2";
			};
			name = Release;
		};
		5327CF4B2AFA4BBF00F6B175 /* Debug */ = {
			isa = XCBuildConfiguration;
			buildSettings = {
				ALWAYS_EMBED_SWIFT_STANDARD_LIBRARIES = YES;
				BUNDLE_LOADER = "$(TEST_HOST)";
				CODE_SIGN_STYLE = Automatic;
				CURRENT_PROJECT_VERSION = 1;
				DEVELOPMENT_TEAM = AC9G84FCG3;
				GENERATE_INFOPLIST_FILE = YES;
				IPHONEOS_DEPLOYMENT_TARGET = 16.4;
				MARKETING_VERSION = 1.0;
				PRODUCT_BUNDLE_IDENTIFIER = ayubi.CodingChallengeVolocopterTests;
				PRODUCT_NAME = "$(TARGET_NAME)";
				SWIFT_EMIT_LOC_STRINGS = NO;
				SWIFT_VERSION = 5.0;
				TARGETED_DEVICE_FAMILY = "1,2";
				TEST_HOST = "$(BUILT_PRODUCTS_DIR)/CodingChallengeVolocopter.app/$(BUNDLE_EXECUTABLE_FOLDER_PATH)/CodingChallengeVolocopter";
			};
			name = Debug;
		};
		5327CF4C2AFA4BBF00F6B175 /* Release */ = {
			isa = XCBuildConfiguration;
			buildSettings = {
				ALWAYS_EMBED_SWIFT_STANDARD_LIBRARIES = YES;
				BUNDLE_LOADER = "$(TEST_HOST)";
				CODE_SIGN_STYLE = Automatic;
				CURRENT_PROJECT_VERSION = 1;
				DEVELOPMENT_TEAM = AC9G84FCG3;
				GENERATE_INFOPLIST_FILE = YES;
				IPHONEOS_DEPLOYMENT_TARGET = 16.4;
				MARKETING_VERSION = 1.0;
				PRODUCT_BUNDLE_IDENTIFIER = ayubi.CodingChallengeVolocopterTests;
				PRODUCT_NAME = "$(TARGET_NAME)";
				SWIFT_EMIT_LOC_STRINGS = NO;
				SWIFT_VERSION = 5.0;
				TARGETED_DEVICE_FAMILY = "1,2";
				TEST_HOST = "$(BUILT_PRODUCTS_DIR)/CodingChallengeVolocopter.app/$(BUNDLE_EXECUTABLE_FOLDER_PATH)/CodingChallengeVolocopter";
			};
			name = Release;
		};
		5327CF4E2AFA4BBF00F6B175 /* Debug */ = {
			isa = XCBuildConfiguration;
			buildSettings = {
				ALWAYS_EMBED_SWIFT_STANDARD_LIBRARIES = YES;
				CODE_SIGN_STYLE = Automatic;
				CURRENT_PROJECT_VERSION = 1;
				DEVELOPMENT_TEAM = AC9G84FCG3;
				GENERATE_INFOPLIST_FILE = YES;
				MARKETING_VERSION = 1.0;
				PRODUCT_BUNDLE_IDENTIFIER = ayubi.CodingChallengeVolocopterUITests;
				PRODUCT_NAME = "$(TARGET_NAME)";
				SWIFT_EMIT_LOC_STRINGS = NO;
				SWIFT_VERSION = 5.0;
				TARGETED_DEVICE_FAMILY = "1,2";
				TEST_TARGET_NAME = CodingChallengeVolocopter;
			};
			name = Debug;
		};
		5327CF4F2AFA4BBF00F6B175 /* Release */ = {
			isa = XCBuildConfiguration;
			buildSettings = {
				ALWAYS_EMBED_SWIFT_STANDARD_LIBRARIES = YES;
				CODE_SIGN_STYLE = Automatic;
				CURRENT_PROJECT_VERSION = 1;
				DEVELOPMENT_TEAM = AC9G84FCG3;
				GENERATE_INFOPLIST_FILE = YES;
				MARKETING_VERSION = 1.0;
				PRODUCT_BUNDLE_IDENTIFIER = ayubi.CodingChallengeVolocopterUITests;
				PRODUCT_NAME = "$(TARGET_NAME)";
				SWIFT_EMIT_LOC_STRINGS = NO;
				SWIFT_VERSION = 5.0;
				TARGETED_DEVICE_FAMILY = "1,2";
				TEST_TARGET_NAME = CodingChallengeVolocopter;
			};
			name = Release;
		};
/* End XCBuildConfiguration section */

/* Begin XCConfigurationList section */
		5327CF192AFA4BBE00F6B175 /* Build configuration list for PBXProject "CodingChallengeVolocopter" */ = {
			isa = XCConfigurationList;
			buildConfigurations = (
				5327CF452AFA4BBF00F6B175 /* Debug */,
				5327CF462AFA4BBF00F6B175 /* Release */,
			);
			defaultConfigurationIsVisible = 0;
			defaultConfigurationName = Release;
		};
		5327CF472AFA4BBF00F6B175 /* Build configuration list for PBXNativeTarget "CodingChallengeVolocopter" */ = {
			isa = XCConfigurationList;
			buildConfigurations = (
				5327CF482AFA4BBF00F6B175 /* Debug */,
				5327CF492AFA4BBF00F6B175 /* Release */,
			);
			defaultConfigurationIsVisible = 0;
			defaultConfigurationName = Release;
		};
		5327CF4A2AFA4BBF00F6B175 /* Build configuration list for PBXNativeTarget "CodingChallengeVolocopterTests" */ = {
			isa = XCConfigurationList;
			buildConfigurations = (
				5327CF4B2AFA4BBF00F6B175 /* Debug */,
				5327CF4C2AFA4BBF00F6B175 /* Release */,
			);
			defaultConfigurationIsVisible = 0;
			defaultConfigurationName = Release;
		};
		5327CF4D2AFA4BBF00F6B175 /* Build configuration list for PBXNativeTarget "CodingChallengeVolocopterUITests" */ = {
			isa = XCConfigurationList;
			buildConfigurations = (
				5327CF4E2AFA4BBF00F6B175 /* Debug */,
				5327CF4F2AFA4BBF00F6B175 /* Release */,
			);
			defaultConfigurationIsVisible = 0;
			defaultConfigurationName = Release;
		};
/* End XCConfigurationList section */

/* Begin XCVersionGroup section */
		5327CF2C2AFA4BBF00F6B175 /* CodingChallengeVolocopter.xcdatamodeld */ = {
			isa = XCVersionGroup;
			children = (
				5327CF2D2AFA4BBF00F6B175 /* CodingChallengeVolocopter.xcdatamodel */,
			);
			currentVersion = 5327CF2D2AFA4BBF00F6B175 /* CodingChallengeVolocopter.xcdatamodel */;
			path = CodingChallengeVolocopter.xcdatamodeld;
			sourceTree = "<group>";
			versionGroupType = wrapper.xcdatamodel;
		};
/* End XCVersionGroup section */
	};
	rootObject = 5327CF162AFA4BBE00F6B175 /* Project object */;
}
