// !$*UTF8*$!
{
	archiveVersion = 1;
	classes = {
	};
	objectVersion = 56;
	objects = {

/* Begin PBXBuildFile section */
		5309C8922B39CDDB00C381B9 /* RoverPhotosRequestTests.swift in Sources */ = {isa = PBXBuildFile; fileRef = 5309C8912B39CDDB00C381B9 /* RoverPhotosRequestTests.swift */; };
		5309C8952B3A0EA700C381B9 /* CachedImageViewModel.swift in Sources */ = {isa = PBXBuildFile; fileRef = 5309C8942B3A0EA700C381B9 /* CachedImageViewModel.swift */; };
		5309C8972B3A208500C381B9 /* CachedImageViewModelTests.swift in Sources */ = {isa = PBXBuildFile; fileRef = 5309C8962B3A208500C381B9 /* CachedImageViewModelTests.swift */; };
		5309C8982B3A20C800C381B9 /* CachedImageViewModel.swift in Sources */ = {isa = PBXBuildFile; fileRef = 5309C8942B3A0EA700C381B9 /* CachedImageViewModel.swift */; };
		5309C8992B3A20CA00C381B9 /* CachedImageViewModel.swift in Sources */ = {isa = PBXBuildFile; fileRef = 5309C8942B3A0EA700C381B9 /* CachedImageViewModel.swift */; };
		5309C89B2B3A223900C381B9 /* MockURLSession.swift in Sources */ = {isa = PBXBuildFile; fileRef = 5309C89A2B3A223900C381B9 /* MockURLSession.swift */; };
		5327CF222AFA4BBE00F6B175 /* CodingChallengeVolocopterApp.swift in Sources */ = {isa = PBXBuildFile; fileRef = 5327CF212AFA4BBE00F6B175 /* CodingChallengeVolocopterApp.swift */; };
		5327CF242AFA4BBE00F6B175 /* HomeView.swift in Sources */ = {isa = PBXBuildFile; fileRef = 5327CF232AFA4BBE00F6B175 /* HomeView.swift */; };
		5327CF262AFA4BBF00F6B175 /* Assets.xcassets in Resources */ = {isa = PBXBuildFile; fileRef = 5327CF252AFA4BBF00F6B175 /* Assets.xcassets */; };
		5327CF292AFA4BBF00F6B175 /* Preview Assets.xcassets in Resources */ = {isa = PBXBuildFile; fileRef = 5327CF282AFA4BBF00F6B175 /* Preview Assets.xcassets */; };
		5327CF2B2AFA4BBF00F6B175 /* Persistence.swift in Sources */ = {isa = PBXBuildFile; fileRef = 5327CF2A2AFA4BBF00F6B175 /* Persistence.swift */; };
		5327CF2E2AFA4BBF00F6B175 /* CodingChallengeVolocopter.xcdatamodeld in Sources */ = {isa = PBXBuildFile; fileRef = 5327CF2C2AFA4BBF00F6B175 /* CodingChallengeVolocopter.xcdatamodeld */; };
		5327CF382AFA4BBF00F6B175 /* CodingChallengeVolocopterTests.swift in Sources */ = {isa = PBXBuildFile; fileRef = 5327CF372AFA4BBF00F6B175 /* CodingChallengeVolocopterTests.swift */; };
		5327CF422AFA4BBF00F6B175 /* CodingChallengeVolocopterUITests.swift in Sources */ = {isa = PBXBuildFile; fileRef = 5327CF412AFA4BBF00F6B175 /* CodingChallengeVolocopterUITests.swift */; };
		5327CF442AFA4BBF00F6B175 /* CodingChallengeVolocopterUITestsLaunchTests.swift in Sources */ = {isa = PBXBuildFile; fileRef = 5327CF432AFA4BBF00F6B175 /* CodingChallengeVolocopterUITestsLaunchTests.swift */; };
		5327CF672AFC1A3900F6B175 /* Enums.swift in Sources */ = {isa = PBXBuildFile; fileRef = 5327CF662AFC1A3900F6B175 /* Enums.swift */; };
		5327CF682AFC1A3900F6B175 /* Enums.swift in Sources */ = {isa = PBXBuildFile; fileRef = 5327CF662AFC1A3900F6B175 /* Enums.swift */; };
		5327CF692AFC1A3900F6B175 /* Enums.swift in Sources */ = {isa = PBXBuildFile; fileRef = 5327CF662AFC1A3900F6B175 /* Enums.swift */; };
		5327CF6E2AFC3C1400F6B175 /* PhotoListView.swift in Sources */ = {isa = PBXBuildFile; fileRef = 5327CF6D2AFC3C1400F6B175 /* PhotoListView.swift */; };
		5327CF6F2AFC3C1400F6B175 /* PhotoListView.swift in Sources */ = {isa = PBXBuildFile; fileRef = 5327CF6D2AFC3C1400F6B175 /* PhotoListView.swift */; };
		5327CF702AFC3C1400F6B175 /* PhotoListView.swift in Sources */ = {isa = PBXBuildFile; fileRef = 5327CF6D2AFC3C1400F6B175 /* PhotoListView.swift */; };
		5327CF722AFC3CE600F6B175 /* HomeViewModel.swift in Sources */ = {isa = PBXBuildFile; fileRef = 5327CF712AFC3CE600F6B175 /* HomeViewModel.swift */; };
		5327CF732AFC3CE600F6B175 /* HomeViewModel.swift in Sources */ = {isa = PBXBuildFile; fileRef = 5327CF712AFC3CE600F6B175 /* HomeViewModel.swift */; };
		5327CF742AFC3CE600F6B175 /* HomeViewModel.swift in Sources */ = {isa = PBXBuildFile; fileRef = 5327CF712AFC3CE600F6B175 /* HomeViewModel.swift */; };
		5327CF762AFC4A5F00F6B175 /* CustomTopTabBar.swift in Sources */ = {isa = PBXBuildFile; fileRef = 5327CF752AFC4A5F00F6B175 /* CustomTopTabBar.swift */; };
		5327CF7E2B005DAF00F6B175 /* NetworkService.swift in Sources */ = {isa = PBXBuildFile; fileRef = 5327CF7D2B005DAF00F6B175 /* NetworkService.swift */; };
		5327CF7F2B005DAF00F6B175 /* NetworkService.swift in Sources */ = {isa = PBXBuildFile; fileRef = 5327CF7D2B005DAF00F6B175 /* NetworkService.swift */; };
		5327CF802B005DAF00F6B175 /* NetworkService.swift in Sources */ = {isa = PBXBuildFile; fileRef = 5327CF7D2B005DAF00F6B175 /* NetworkService.swift */; };
		5327CF822B0256E100F6B175 /* NetworkConstants.swift in Sources */ = {isa = PBXBuildFile; fileRef = 5327CF812B0256E100F6B175 /* NetworkConstants.swift */; };
		5327CF832B0256E100F6B175 /* NetworkConstants.swift in Sources */ = {isa = PBXBuildFile; fileRef = 5327CF812B0256E100F6B175 /* NetworkConstants.swift */; };
		5327CF842B0256E100F6B175 /* NetworkConstants.swift in Sources */ = {isa = PBXBuildFile; fileRef = 5327CF812B0256E100F6B175 /* NetworkConstants.swift */; };
		532CCB6C2B34E04000AB574D /* NetworkMonitor.swift in Sources */ = {isa = PBXBuildFile; fileRef = 532CCB6B2B34E04000AB574D /* NetworkMonitor.swift */; };
		532CCB732B35051E00AB574D /* PhotoEntity+CoreDataClass.swift in Sources */ = {isa = PBXBuildFile; fileRef = 532CCB6D2B35051E00AB574D /* PhotoEntity+CoreDataClass.swift */; };
		532CCB742B35051E00AB574D /* PhotoEntity+CoreDataProperties.swift in Sources */ = {isa = PBXBuildFile; fileRef = 532CCB6E2B35051E00AB574D /* PhotoEntity+CoreDataProperties.swift */; };
		532CCB752B35051E00AB574D /* RoverEntity+CoreDataClass.swift in Sources */ = {isa = PBXBuildFile; fileRef = 532CCB6F2B35051E00AB574D /* RoverEntity+CoreDataClass.swift */; };
		532CCB762B35051E00AB574D /* RoverEntity+CoreDataProperties.swift in Sources */ = {isa = PBXBuildFile; fileRef = 532CCB702B35051E00AB574D /* RoverEntity+CoreDataProperties.swift */; };
		532CCB772B35051E00AB574D /* PhotoCameraEntity+CoreDataClass.swift in Sources */ = {isa = PBXBuildFile; fileRef = 532CCB712B35051E00AB574D /* PhotoCameraEntity+CoreDataClass.swift */; };
		532CCB782B35051E00AB574D /* PhotoCameraEntity+CoreDataProperties.swift in Sources */ = {isa = PBXBuildFile; fileRef = 532CCB722B35051E00AB574D /* PhotoCameraEntity+CoreDataProperties.swift */; };
		532CCB7B2B389EE600AB574D /* HomeViewModelTest.swift in Sources */ = {isa = PBXBuildFile; fileRef = 532CCB7A2B389EE600AB574D /* HomeViewModelTest.swift */; };
		532CCB7C2B389F5E00AB574D /* NetworkMonitor.swift in Sources */ = {isa = PBXBuildFile; fileRef = 532CCB6B2B34E04000AB574D /* NetworkMonitor.swift */; };
		532CCB7D2B38A0B700AB574D /* NotificationManager.swift in Sources */ = {isa = PBXBuildFile; fileRef = 53FB65B02B2A057800513DC9 /* NotificationManager.swift */; };
		532CCB812B38C07B00AB574D /* PhotoListViewModel.swift in Sources */ = {isa = PBXBuildFile; fileRef = 53C5C02D2B275E600088DAD5 /* PhotoListViewModel.swift */; };
		532CCB822B38C09100AB574D /* PhotoListViewModel.swift in Sources */ = {isa = PBXBuildFile; fileRef = 53C5C02D2B275E600088DAD5 /* PhotoListViewModel.swift */; };
		532CCB832B38C09400AB574D /* FilterViewModel.swift in Sources */ = {isa = PBXBuildFile; fileRef = 534589AB2B25D6E5009ECEF0 /* FilterViewModel.swift */; };
		532CCB842B38C09500AB574D /* FilterViewModel.swift in Sources */ = {isa = PBXBuildFile; fileRef = 534589AB2B25D6E5009ECEF0 /* FilterViewModel.swift */; };
		532CCB852B38C0A100AB574D /* CoreDataDAO.swift in Sources */ = {isa = PBXBuildFile; fileRef = 53FB65C22B30F8E200513DC9 /* CoreDataDAO.swift */; };
		532CCB862B38C0A100AB574D /* PhotoDAO.swift in Sources */ = {isa = PBXBuildFile; fileRef = 53FB65C82B31021700513DC9 /* PhotoDAO.swift */; };
		532CCB872B38C0A100AB574D /* BaseDAO.swift in Sources */ = {isa = PBXBuildFile; fileRef = 53FB65C62B3100CD00513DC9 /* BaseDAO.swift */; };
		532CCB882B38C0C500AB574D /* DataRequest.swift in Sources */ = {isa = PBXBuildFile; fileRef = 5345899F2B251752009ECEF0 /* DataRequest.swift */; };
		532CCB892B38C0C600AB574D /* DataRequest.swift in Sources */ = {isa = PBXBuildFile; fileRef = 5345899F2B251752009ECEF0 /* DataRequest.swift */; };
		532CCB8A2B38C0CB00AB574D /* SpiritPhotosRequest.swift in Sources */ = {isa = PBXBuildFile; fileRef = 5393A48A2B02982900BB241F /* SpiritPhotosRequest.swift */; };
		532CCB8B2B38C0CB00AB574D /* OpportunityPhotosRequest.swift in Sources */ = {isa = PBXBuildFile; fileRef = 5393A4882B0297E600BB241F /* OpportunityPhotosRequest.swift */; };
		532CCB8C2B38C0CB00AB574D /* CuriosityPhotosRequest.swift in Sources */ = {isa = PBXBuildFile; fileRef = 5393A4862B02975300BB241F /* CuriosityPhotosRequest.swift */; };
		532CCB8D2B38C0CB00AB574D /* SpiritPhotosRequest.swift in Sources */ = {isa = PBXBuildFile; fileRef = 5393A48A2B02982900BB241F /* SpiritPhotosRequest.swift */; };
		532CCB8E2B38C0CB00AB574D /* OpportunityPhotosRequest.swift in Sources */ = {isa = PBXBuildFile; fileRef = 5393A4882B0297E600BB241F /* OpportunityPhotosRequest.swift */; };
		532CCB8F2B38C0CB00AB574D /* CuriosityPhotosRequest.swift in Sources */ = {isa = PBXBuildFile; fileRef = 5393A4862B02975300BB241F /* CuriosityPhotosRequest.swift */; };
		532CCB902B38C0D000AB574D /* PhotosResponse.swift in Sources */ = {isa = PBXBuildFile; fileRef = 5393A4842B0292DF00BB241F /* PhotosResponse.swift */; };
		532CCB912B38C0D100AB574D /* PhotosResponse.swift in Sources */ = {isa = PBXBuildFile; fileRef = 5393A4842B0292DF00BB241F /* PhotosResponse.swift */; };
		532CCB922B38C0D800AB574D /* SpiritRepository.swift in Sources */ = {isa = PBXBuildFile; fileRef = 5345898C2B234E26009ECEF0 /* SpiritRepository.swift */; };
		532CCB932B38C0D800AB574D /* CuriosityRepository.swift in Sources */ = {isa = PBXBuildFile; fileRef = 5393A4912B064D5200BB241F /* CuriosityRepository.swift */; };
		532CCB942B38C0D800AB574D /* OpportunityRepository.swift in Sources */ = {isa = PBXBuildFile; fileRef = 5345898A2B234E04009ECEF0 /* OpportunityRepository.swift */; };
		532CCB952B38C0D900AB574D /* SpiritRepository.swift in Sources */ = {isa = PBXBuildFile; fileRef = 5345898C2B234E26009ECEF0 /* SpiritRepository.swift */; };
		532CCB962B38C0D900AB574D /* CuriosityRepository.swift in Sources */ = {isa = PBXBuildFile; fileRef = 5393A4912B064D5200BB241F /* CuriosityRepository.swift */; };
		532CCB972B38C0D900AB574D /* OpportunityRepository.swift in Sources */ = {isa = PBXBuildFile; fileRef = 5345898A2B234E04009ECEF0 /* OpportunityRepository.swift */; };
		532CCB982B38C0DC00AB574D /* RepositoryProtocol.swift in Sources */ = {isa = PBXBuildFile; fileRef = 5393A48F2B064CE500BB241F /* RepositoryProtocol.swift */; };
		532CCB992B38C0DC00AB574D /* RepositoryProtocol.swift in Sources */ = {isa = PBXBuildFile; fileRef = 5393A48F2B064CE500BB241F /* RepositoryProtocol.swift */; };
		532CCB9A2B38C0E300AB574D /* NotificationManager.swift in Sources */ = {isa = PBXBuildFile; fileRef = 53FB65B02B2A057800513DC9 /* NotificationManager.swift */; };
		532CCB9B2B38C0E800AB574D /* Mapper.swift in Sources */ = {isa = PBXBuildFile; fileRef = 53FB65DB2B310D8600513DC9 /* Mapper.swift */; };
		532CCB9C2B38C0ED00AB574D /* Mapper.swift in Sources */ = {isa = PBXBuildFile; fileRef = 53FB65DB2B310D8600513DC9 /* Mapper.swift */; };
		532CCB9D2B38C0F400AB574D /* PhotoDAO.swift in Sources */ = {isa = PBXBuildFile; fileRef = 53FB65C82B31021700513DC9 /* PhotoDAO.swift */; };
		532CCB9E2B38C0F400AB574D /* CoreDataDAO.swift in Sources */ = {isa = PBXBuildFile; fileRef = 53FB65C22B30F8E200513DC9 /* CoreDataDAO.swift */; };
		532CCB9F2B38C0F400AB574D /* BaseDAO.swift in Sources */ = {isa = PBXBuildFile; fileRef = 53FB65C62B3100CD00513DC9 /* BaseDAO.swift */; };
		532CCBA02B38C0FD00AB574D /* Persistence.swift in Sources */ = {isa = PBXBuildFile; fileRef = 5327CF2A2AFA4BBF00F6B175 /* Persistence.swift */; };
		532CCBA12B38C0FD00AB574D /* Persistable.swift in Sources */ = {isa = PBXBuildFile; fileRef = 53FB65C42B30FA0500513DC9 /* Persistable.swift */; };
		532CCBA22B38C0FD00AB574D /* Persistence.swift in Sources */ = {isa = PBXBuildFile; fileRef = 5327CF2A2AFA4BBF00F6B175 /* Persistence.swift */; };
		532CCBA32B38C0FD00AB574D /* Persistable.swift in Sources */ = {isa = PBXBuildFile; fileRef = 53FB65C42B30FA0500513DC9 /* Persistable.swift */; };
		532CCBA42B38C10500AB574D /* PhotoCameraEntity+CoreDataProperties.swift in Sources */ = {isa = PBXBuildFile; fileRef = 532CCB722B35051E00AB574D /* PhotoCameraEntity+CoreDataProperties.swift */; };
		532CCBA52B38C10500AB574D /* PhotoEntity+CoreDataClass.swift in Sources */ = {isa = PBXBuildFile; fileRef = 532CCB6D2B35051E00AB574D /* PhotoEntity+CoreDataClass.swift */; };
		532CCBA62B38C10500AB574D /* RoverEntity+CoreDataProperties.swift in Sources */ = {isa = PBXBuildFile; fileRef = 532CCB702B35051E00AB574D /* RoverEntity+CoreDataProperties.swift */; };
		532CCBA72B38C10500AB574D /* PhotoEntity+CoreDataProperties.swift in Sources */ = {isa = PBXBuildFile; fileRef = 532CCB6E2B35051E00AB574D /* PhotoEntity+CoreDataProperties.swift */; };
		532CCBA82B38C10500AB574D /* RoverEntity+CoreDataClass.swift in Sources */ = {isa = PBXBuildFile; fileRef = 532CCB6F2B35051E00AB574D /* RoverEntity+CoreDataClass.swift */; };
		532CCBA92B38C10500AB574D /* PhotoCameraEntity+CoreDataClass.swift in Sources */ = {isa = PBXBuildFile; fileRef = 532CCB712B35051E00AB574D /* PhotoCameraEntity+CoreDataClass.swift */; };
		532CCBAA2B38C10700AB574D /* PhotoCameraEntity+CoreDataProperties.swift in Sources */ = {isa = PBXBuildFile; fileRef = 532CCB722B35051E00AB574D /* PhotoCameraEntity+CoreDataProperties.swift */; };
		532CCBAB2B38C10700AB574D /* PhotoEntity+CoreDataClass.swift in Sources */ = {isa = PBXBuildFile; fileRef = 532CCB6D2B35051E00AB574D /* PhotoEntity+CoreDataClass.swift */; };
		532CCBAC2B38C10700AB574D /* RoverEntity+CoreDataProperties.swift in Sources */ = {isa = PBXBuildFile; fileRef = 532CCB702B35051E00AB574D /* RoverEntity+CoreDataProperties.swift */; };
		532CCBAD2B38C10700AB574D /* PhotoEntity+CoreDataProperties.swift in Sources */ = {isa = PBXBuildFile; fileRef = 532CCB6E2B35051E00AB574D /* PhotoEntity+CoreDataProperties.swift */; };
		532CCBAE2B38C10700AB574D /* RoverEntity+CoreDataClass.swift in Sources */ = {isa = PBXBuildFile; fileRef = 532CCB6F2B35051E00AB574D /* RoverEntity+CoreDataClass.swift */; };
		532CCBAF2B38C10700AB574D /* PhotoCameraEntity+CoreDataClass.swift in Sources */ = {isa = PBXBuildFile; fileRef = 532CCB712B35051E00AB574D /* PhotoCameraEntity+CoreDataClass.swift */; };
		532CCBB02B38C11B00AB574D /* NetworkMonitor.swift in Sources */ = {isa = PBXBuildFile; fileRef = 532CCB6B2B34E04000AB574D /* NetworkMonitor.swift */; };
		532CCBB32B38C12500AB574D /* CustomTopTabBar.swift in Sources */ = {isa = PBXBuildFile; fileRef = 5327CF752AFC4A5F00F6B175 /* CustomTopTabBar.swift */; };
		532CCBB42B38C12500AB574D /* CachedImage.swift in Sources */ = {isa = PBXBuildFile; fileRef = 53FB65B52B2E515200513DC9 /* CachedImage.swift */; };
		532CCBB52B38C12500AB574D /* RadioButton.swift in Sources */ = {isa = PBXBuildFile; fileRef = 534589AD2B26AD45009ECEF0 /* RadioButton.swift */; };
		532CCBB82B38C12700AB574D /* CustomTopTabBar.swift in Sources */ = {isa = PBXBuildFile; fileRef = 5327CF752AFC4A5F00F6B175 /* CustomTopTabBar.swift */; };
		532CCBB92B38C12700AB574D /* CachedImage.swift in Sources */ = {isa = PBXBuildFile; fileRef = 53FB65B52B2E515200513DC9 /* CachedImage.swift */; };
		532CCBBA2B38C12700AB574D /* RadioButton.swift in Sources */ = {isa = PBXBuildFile; fileRef = 534589AD2B26AD45009ECEF0 /* RadioButton.swift */; };
		532CCBBB2B38C14900AB574D /* PhotoDetailView.swift in Sources */ = {isa = PBXBuildFile; fileRef = 534589992B24752D009ECEF0 /* PhotoDetailView.swift */; };
		532CCBBC2B38C14900AB574D /* PhotoDetailView.swift in Sources */ = {isa = PBXBuildFile; fileRef = 534589992B24752D009ECEF0 /* PhotoDetailView.swift */; };
		532CCBBE2B38E3E000AB574D /* FilterViewModelTests.swift in Sources */ = {isa = PBXBuildFile; fileRef = 532CCBBD2B38E3E000AB574D /* FilterViewModelTests.swift */; };
		532CCBC02B38E71100AB574D /* NetworkServiceTests.swift in Sources */ = {isa = PBXBuildFile; fileRef = 532CCBBF2B38E71100AB574D /* NetworkServiceTests.swift */; };
		532CCBC32B3998FC00AB574D /* MockApiRequest.swift in Sources */ = {isa = PBXBuildFile; fileRef = 532CCBC22B3998FC00AB574D /* MockApiRequest.swift */; };
		532CCBC52B39B47700AB574D /* DataRequestTests.swift in Sources */ = {isa = PBXBuildFile; fileRef = 532CCBC42B39B47700AB574D /* DataRequestTests.swift */; };
		532CCBC72B39B67100AB574D /* MockDataRequest.swift in Sources */ = {isa = PBXBuildFile; fileRef = 532CCBC62B39B67100AB574D /* MockDataRequest.swift */; };
		5345898B2B234E04009ECEF0 /* OpportunityRepository.swift in Sources */ = {isa = PBXBuildFile; fileRef = 5345898A2B234E04009ECEF0 /* OpportunityRepository.swift */; };
		5345898D2B234E26009ECEF0 /* SpiritRepository.swift in Sources */ = {isa = PBXBuildFile; fileRef = 5345898C2B234E26009ECEF0 /* SpiritRepository.swift */; };
		5345899A2B24752D009ECEF0 /* PhotoDetailView.swift in Sources */ = {isa = PBXBuildFile; fileRef = 534589992B24752D009ECEF0 /* PhotoDetailView.swift */; };
		534589A02B251752009ECEF0 /* DataRequest.swift in Sources */ = {isa = PBXBuildFile; fileRef = 5345899F2B251752009ECEF0 /* DataRequest.swift */; };
		534589A82B25D68F009ECEF0 /* FilterView.swift in Sources */ = {isa = PBXBuildFile; fileRef = 534589A72B25D68F009ECEF0 /* FilterView.swift */; };
		534589AC2B25D6E5009ECEF0 /* FilterViewModel.swift in Sources */ = {isa = PBXBuildFile; fileRef = 534589AB2B25D6E5009ECEF0 /* FilterViewModel.swift */; };
		534589AE2B26AD45009ECEF0 /* RadioButton.swift in Sources */ = {isa = PBXBuildFile; fileRef = 534589AD2B26AD45009ECEF0 /* RadioButton.swift */; };
		537093882B3A2AD00033B585 /* ErrorHandlerView.swift in Sources */ = {isa = PBXBuildFile; fileRef = 537093872B3A2AD00033B585 /* ErrorHandlerView.swift */; };
		5370938A2B3A2C8C0033B585 /* AppErrorProtocol.swift in Sources */ = {isa = PBXBuildFile; fileRef = 537093892B3A2C8C0033B585 /* AppErrorProtocol.swift */; };
		5370938D2B3A30290033B585 /* LoaderView.swift in Sources */ = {isa = PBXBuildFile; fileRef = 5370938C2B3A30290033B585 /* LoaderView.swift */; };
		5393A4852B0292DF00BB241F /* PhotosResponse.swift in Sources */ = {isa = PBXBuildFile; fileRef = 5393A4842B0292DF00BB241F /* PhotosResponse.swift */; };
		5393A4872B02975300BB241F /* CuriosityPhotosRequest.swift in Sources */ = {isa = PBXBuildFile; fileRef = 5393A4862B02975300BB241F /* CuriosityPhotosRequest.swift */; };
		5393A4892B0297E600BB241F /* OpportunityPhotosRequest.swift in Sources */ = {isa = PBXBuildFile; fileRef = 5393A4882B0297E600BB241F /* OpportunityPhotosRequest.swift */; };
		5393A48B2B02982900BB241F /* SpiritPhotosRequest.swift in Sources */ = {isa = PBXBuildFile; fileRef = 5393A48A2B02982900BB241F /* SpiritPhotosRequest.swift */; };
		5393A4902B064CE500BB241F /* RepositoryProtocol.swift in Sources */ = {isa = PBXBuildFile; fileRef = 5393A48F2B064CE500BB241F /* RepositoryProtocol.swift */; };
		5393A4922B064D5200BB241F /* CuriosityRepository.swift in Sources */ = {isa = PBXBuildFile; fileRef = 5393A4912B064D5200BB241F /* CuriosityRepository.swift */; };
		53C5C02E2B275E600088DAD5 /* PhotoListViewModel.swift in Sources */ = {isa = PBXBuildFile; fileRef = 53C5C02D2B275E600088DAD5 /* PhotoListViewModel.swift */; };
		53F7E8932B3A3C4300C36BA1 /* AppErrorProtocol.swift in Sources */ = {isa = PBXBuildFile; fileRef = 537093892B3A2C8C0033B585 /* AppErrorProtocol.swift */; };
		53F7E8942B3A3C4400C36BA1 /* AppErrorProtocol.swift in Sources */ = {isa = PBXBuildFile; fileRef = 537093892B3A2C8C0033B585 /* AppErrorProtocol.swift */; };
		53F7E8952B3A3C4D00C36BA1 /* ErrorHandlerView.swift in Sources */ = {isa = PBXBuildFile; fileRef = 537093872B3A2AD00033B585 /* ErrorHandlerView.swift */; };
		53F7E8962B3A3C4D00C36BA1 /* ErrorHandlerView.swift in Sources */ = {isa = PBXBuildFile; fileRef = 537093872B3A2AD00033B585 /* ErrorHandlerView.swift */; };
		53F7E8972B3A3C5000C36BA1 /* LoaderView.swift in Sources */ = {isa = PBXBuildFile; fileRef = 5370938C2B3A30290033B585 /* LoaderView.swift */; };
		53F7E8982B3A3C5000C36BA1 /* LoaderView.swift in Sources */ = {isa = PBXBuildFile; fileRef = 5370938C2B3A30290033B585 /* LoaderView.swift */; };
		53FB65B12B2A057800513DC9 /* NotificationManager.swift in Sources */ = {isa = PBXBuildFile; fileRef = 53FB65B02B2A057800513DC9 /* NotificationManager.swift */; };
		53FB65B62B2E515200513DC9 /* CachedImage.swift in Sources */ = {isa = PBXBuildFile; fileRef = 53FB65B52B2E515200513DC9 /* CachedImage.swift */; };
		53FB65C32B30F8E200513DC9 /* CoreDataDAO.swift in Sources */ = {isa = PBXBuildFile; fileRef = 53FB65C22B30F8E200513DC9 /* CoreDataDAO.swift */; };
		53FB65C52B30FA0500513DC9 /* Persistable.swift in Sources */ = {isa = PBXBuildFile; fileRef = 53FB65C42B30FA0500513DC9 /* Persistable.swift */; };
		53FB65C72B3100CD00513DC9 /* BaseDAO.swift in Sources */ = {isa = PBXBuildFile; fileRef = 53FB65C62B3100CD00513DC9 /* BaseDAO.swift */; };
		53FB65C92B31021700513DC9 /* PhotoDAO.swift in Sources */ = {isa = PBXBuildFile; fileRef = 53FB65C82B31021700513DC9 /* PhotoDAO.swift */; };
		53FB65DC2B310D8600513DC9 /* Mapper.swift in Sources */ = {isa = PBXBuildFile; fileRef = 53FB65DB2B310D8600513DC9 /* Mapper.swift */; };
/* End PBXBuildFile section */

/* Begin PBXContainerItemProxy section */
		5327CF342AFA4BBF00F6B175 /* PBXContainerItemProxy */ = {
			isa = PBXContainerItemProxy;
			containerPortal = 5327CF162AFA4BBE00F6B175 /* Project object */;
			proxyType = 1;
			remoteGlobalIDString = 5327CF1D2AFA4BBE00F6B175;
			remoteInfo = CodingChallengeVolocopter;
		};
		5327CF3E2AFA4BBF00F6B175 /* PBXContainerItemProxy */ = {
			isa = PBXContainerItemProxy;
			containerPortal = 5327CF162AFA4BBE00F6B175 /* Project object */;
			proxyType = 1;
			remoteGlobalIDString = 5327CF1D2AFA4BBE00F6B175;
			remoteInfo = CodingChallengeVolocopter;
		};
/* End PBXContainerItemProxy section */

/* Begin PBXFileReference section */
		5309C8902B39CC2500C381B9 /* CodingChallengeVolocopterTests.xctestplan */ = {isa = PBXFileReference; lastKnownFileType = text; path = CodingChallengeVolocopterTests.xctestplan; sourceTree = "<group>"; };
		5309C8912B39CDDB00C381B9 /* RoverPhotosRequestTests.swift */ = {isa = PBXFileReference; lastKnownFileType = sourcecode.swift; path = RoverPhotosRequestTests.swift; sourceTree = "<group>"; };
		5309C8942B3A0EA700C381B9 /* CachedImageViewModel.swift */ = {isa = PBXFileReference; lastKnownFileType = sourcecode.swift; path = CachedImageViewModel.swift; sourceTree = "<group>"; };
		5309C8962B3A208500C381B9 /* CachedImageViewModelTests.swift */ = {isa = PBXFileReference; lastKnownFileType = sourcecode.swift; path = CachedImageViewModelTests.swift; sourceTree = "<group>"; };
		5309C89A2B3A223900C381B9 /* MockURLSession.swift */ = {isa = PBXFileReference; lastKnownFileType = sourcecode.swift; path = MockURLSession.swift; sourceTree = "<group>"; };
		5327CF1E2AFA4BBE00F6B175 /* CodingChallengeVolocopter.app */ = {isa = PBXFileReference; explicitFileType = wrapper.application; includeInIndex = 0; path = CodingChallengeVolocopter.app; sourceTree = BUILT_PRODUCTS_DIR; };
		5327CF212AFA4BBE00F6B175 /* CodingChallengeVolocopterApp.swift */ = {isa = PBXFileReference; lastKnownFileType = sourcecode.swift; path = CodingChallengeVolocopterApp.swift; sourceTree = "<group>"; };
		5327CF232AFA4BBE00F6B175 /* HomeView.swift */ = {isa = PBXFileReference; lastKnownFileType = sourcecode.swift; path = HomeView.swift; sourceTree = "<group>"; };
		5327CF252AFA4BBF00F6B175 /* Assets.xcassets */ = {isa = PBXFileReference; lastKnownFileType = folder.assetcatalog; path = Assets.xcassets; sourceTree = "<group>"; };
		5327CF282AFA4BBF00F6B175 /* Preview Assets.xcassets */ = {isa = PBXFileReference; lastKnownFileType = folder.assetcatalog; path = "Preview Assets.xcassets"; sourceTree = "<group>"; };
		5327CF2A2AFA4BBF00F6B175 /* Persistence.swift */ = {isa = PBXFileReference; lastKnownFileType = sourcecode.swift; path = Persistence.swift; sourceTree = "<group>"; };
		5327CF2D2AFA4BBF00F6B175 /* CodingChallengeVolocopter.xcdatamodel */ = {isa = PBXFileReference; lastKnownFileType = wrapper.xcdatamodel; path = CodingChallengeVolocopter.xcdatamodel; sourceTree = "<group>"; };
		5327CF332AFA4BBF00F6B175 /* CodingChallengeVolocopterTests.xctest */ = {isa = PBXFileReference; explicitFileType = wrapper.cfbundle; includeInIndex = 0; path = CodingChallengeVolocopterTests.xctest; sourceTree = BUILT_PRODUCTS_DIR; };
		5327CF372AFA4BBF00F6B175 /* CodingChallengeVolocopterTests.swift */ = {isa = PBXFileReference; lastKnownFileType = sourcecode.swift; path = CodingChallengeVolocopterTests.swift; sourceTree = "<group>"; };
		5327CF3D2AFA4BBF00F6B175 /* CodingChallengeVolocopterUITests.xctest */ = {isa = PBXFileReference; explicitFileType = wrapper.cfbundle; includeInIndex = 0; path = CodingChallengeVolocopterUITests.xctest; sourceTree = BUILT_PRODUCTS_DIR; };
		5327CF412AFA4BBF00F6B175 /* CodingChallengeVolocopterUITests.swift */ = {isa = PBXFileReference; lastKnownFileType = sourcecode.swift; path = CodingChallengeVolocopterUITests.swift; sourceTree = "<group>"; };
		5327CF432AFA4BBF00F6B175 /* CodingChallengeVolocopterUITestsLaunchTests.swift */ = {isa = PBXFileReference; lastKnownFileType = sourcecode.swift; path = CodingChallengeVolocopterUITestsLaunchTests.swift; sourceTree = "<group>"; };
		5327CF662AFC1A3900F6B175 /* Enums.swift */ = {isa = PBXFileReference; lastKnownFileType = sourcecode.swift; path = Enums.swift; sourceTree = "<group>"; };
		5327CF6D2AFC3C1400F6B175 /* PhotoListView.swift */ = {isa = PBXFileReference; lastKnownFileType = sourcecode.swift; path = PhotoListView.swift; sourceTree = "<group>"; };
		5327CF712AFC3CE600F6B175 /* HomeViewModel.swift */ = {isa = PBXFileReference; lastKnownFileType = sourcecode.swift; path = HomeViewModel.swift; sourceTree = "<group>"; };
		5327CF752AFC4A5F00F6B175 /* CustomTopTabBar.swift */ = {isa = PBXFileReference; lastKnownFileType = sourcecode.swift; path = CustomTopTabBar.swift; sourceTree = "<group>"; };
		5327CF7D2B005DAF00F6B175 /* NetworkService.swift */ = {isa = PBXFileReference; lastKnownFileType = sourcecode.swift; path = NetworkService.swift; sourceTree = "<group>"; };
		5327CF812B0256E100F6B175 /* NetworkConstants.swift */ = {isa = PBXFileReference; lastKnownFileType = sourcecode.swift; path = NetworkConstants.swift; sourceTree = "<group>"; };
		532CCB6B2B34E04000AB574D /* NetworkMonitor.swift */ = {isa = PBXFileReference; lastKnownFileType = sourcecode.swift; path = NetworkMonitor.swift; sourceTree = "<group>"; };
		532CCB6D2B35051E00AB574D /* PhotoEntity+CoreDataClass.swift */ = {isa = PBXFileReference; lastKnownFileType = sourcecode.swift; path = "PhotoEntity+CoreDataClass.swift"; sourceTree = "<group>"; };
		532CCB6E2B35051E00AB574D /* PhotoEntity+CoreDataProperties.swift */ = {isa = PBXFileReference; lastKnownFileType = sourcecode.swift; path = "PhotoEntity+CoreDataProperties.swift"; sourceTree = "<group>"; };
		532CCB6F2B35051E00AB574D /* RoverEntity+CoreDataClass.swift */ = {isa = PBXFileReference; lastKnownFileType = sourcecode.swift; path = "RoverEntity+CoreDataClass.swift"; sourceTree = "<group>"; };
		532CCB702B35051E00AB574D /* RoverEntity+CoreDataProperties.swift */ = {isa = PBXFileReference; lastKnownFileType = sourcecode.swift; path = "RoverEntity+CoreDataProperties.swift"; sourceTree = "<group>"; };
		532CCB712B35051E00AB574D /* PhotoCameraEntity+CoreDataClass.swift */ = {isa = PBXFileReference; lastKnownFileType = sourcecode.swift; path = "PhotoCameraEntity+CoreDataClass.swift"; sourceTree = "<group>"; };
		532CCB722B35051E00AB574D /* PhotoCameraEntity+CoreDataProperties.swift */ = {isa = PBXFileReference; lastKnownFileType = sourcecode.swift; path = "PhotoCameraEntity+CoreDataProperties.swift"; sourceTree = "<group>"; };
		532CCB7A2B389EE600AB574D /* HomeViewModelTest.swift */ = {isa = PBXFileReference; lastKnownFileType = sourcecode.swift; path = HomeViewModelTest.swift; sourceTree = "<group>"; };
		532CCBBD2B38E3E000AB574D /* FilterViewModelTests.swift */ = {isa = PBXFileReference; lastKnownFileType = sourcecode.swift; path = FilterViewModelTests.swift; sourceTree = "<group>"; };
		532CCBBF2B38E71100AB574D /* NetworkServiceTests.swift */ = {isa = PBXFileReference; lastKnownFileType = sourcecode.swift; path = NetworkServiceTests.swift; sourceTree = "<group>"; };
		532CCBC22B3998FC00AB574D /* MockApiRequest.swift */ = {isa = PBXFileReference; lastKnownFileType = sourcecode.swift; path = MockApiRequest.swift; sourceTree = "<group>"; };
		532CCBC42B39B47700AB574D /* DataRequestTests.swift */ = {isa = PBXFileReference; lastKnownFileType = sourcecode.swift; path = DataRequestTests.swift; sourceTree = "<group>"; };
		532CCBC62B39B67100AB574D /* MockDataRequest.swift */ = {isa = PBXFileReference; lastKnownFileType = sourcecode.swift; path = MockDataRequest.swift; sourceTree = "<group>"; };
		5345898A2B234E04009ECEF0 /* OpportunityRepository.swift */ = {isa = PBXFileReference; lastKnownFileType = sourcecode.swift; path = OpportunityRepository.swift; sourceTree = "<group>"; };
		5345898C2B234E26009ECEF0 /* SpiritRepository.swift */ = {isa = PBXFileReference; lastKnownFileType = sourcecode.swift; path = SpiritRepository.swift; sourceTree = "<group>"; };
		534589992B24752D009ECEF0 /* PhotoDetailView.swift */ = {isa = PBXFileReference; lastKnownFileType = sourcecode.swift; path = PhotoDetailView.swift; sourceTree = "<group>"; };
		5345899F2B251752009ECEF0 /* DataRequest.swift */ = {isa = PBXFileReference; lastKnownFileType = sourcecode.swift; path = DataRequest.swift; sourceTree = "<group>"; };
		534589A72B25D68F009ECEF0 /* FilterView.swift */ = {isa = PBXFileReference; lastKnownFileType = sourcecode.swift; path = FilterView.swift; sourceTree = "<group>"; };
		534589AB2B25D6E5009ECEF0 /* FilterViewModel.swift */ = {isa = PBXFileReference; lastKnownFileType = sourcecode.swift; path = FilterViewModel.swift; sourceTree = "<group>"; };
		534589AD2B26AD45009ECEF0 /* RadioButton.swift */ = {isa = PBXFileReference; lastKnownFileType = sourcecode.swift; path = RadioButton.swift; sourceTree = "<group>"; };
		537093872B3A2AD00033B585 /* ErrorHandlerView.swift */ = {isa = PBXFileReference; lastKnownFileType = sourcecode.swift; path = ErrorHandlerView.swift; sourceTree = "<group>"; };
		537093892B3A2C8C0033B585 /* AppErrorProtocol.swift */ = {isa = PBXFileReference; lastKnownFileType = sourcecode.swift; path = AppErrorProtocol.swift; sourceTree = "<group>"; };
		5370938C2B3A30290033B585 /* LoaderView.swift */ = {isa = PBXFileReference; lastKnownFileType = sourcecode.swift; path = LoaderView.swift; sourceTree = "<group>"; };
		5393A4842B0292DF00BB241F /* PhotosResponse.swift */ = {isa = PBXFileReference; lastKnownFileType = sourcecode.swift; path = PhotosResponse.swift; sourceTree = "<group>"; };
		5393A4862B02975300BB241F /* CuriosityPhotosRequest.swift */ = {isa = PBXFileReference; lastKnownFileType = sourcecode.swift; path = CuriosityPhotosRequest.swift; sourceTree = "<group>"; };
		5393A4882B0297E600BB241F /* OpportunityPhotosRequest.swift */ = {isa = PBXFileReference; lastKnownFileType = sourcecode.swift; path = OpportunityPhotosRequest.swift; sourceTree = "<group>"; };
		5393A48A2B02982900BB241F /* SpiritPhotosRequest.swift */ = {isa = PBXFileReference; lastKnownFileType = sourcecode.swift; path = SpiritPhotosRequest.swift; sourceTree = "<group>"; };
		5393A48F2B064CE500BB241F /* RepositoryProtocol.swift */ = {isa = PBXFileReference; lastKnownFileType = sourcecode.swift; path = RepositoryProtocol.swift; sourceTree = "<group>"; };
		5393A4912B064D5200BB241F /* CuriosityRepository.swift */ = {isa = PBXFileReference; lastKnownFileType = sourcecode.swift; path = CuriosityRepository.swift; sourceTree = "<group>"; };
		5393A4932B08AE8500BB241F /* Info.plist */ = {isa = PBXFileReference; lastKnownFileType = text.plist; path = Info.plist; sourceTree = "<group>"; };
		53C5C02D2B275E600088DAD5 /* PhotoListViewModel.swift */ = {isa = PBXFileReference; lastKnownFileType = sourcecode.swift; path = PhotoListViewModel.swift; sourceTree = "<group>"; };
		53FB65B02B2A057800513DC9 /* NotificationManager.swift */ = {isa = PBXFileReference; lastKnownFileType = sourcecode.swift; path = NotificationManager.swift; sourceTree = "<group>"; };
		53FB65B52B2E515200513DC9 /* CachedImage.swift */ = {isa = PBXFileReference; lastKnownFileType = sourcecode.swift; path = CachedImage.swift; sourceTree = "<group>"; };
		53FB65C22B30F8E200513DC9 /* CoreDataDAO.swift */ = {isa = PBXFileReference; lastKnownFileType = sourcecode.swift; path = CoreDataDAO.swift; sourceTree = "<group>"; };
		53FB65C42B30FA0500513DC9 /* Persistable.swift */ = {isa = PBXFileReference; lastKnownFileType = sourcecode.swift; path = Persistable.swift; sourceTree = "<group>"; };
		53FB65C62B3100CD00513DC9 /* BaseDAO.swift */ = {isa = PBXFileReference; lastKnownFileType = sourcecode.swift; path = BaseDAO.swift; sourceTree = "<group>"; };
		53FB65C82B31021700513DC9 /* PhotoDAO.swift */ = {isa = PBXFileReference; lastKnownFileType = sourcecode.swift; path = PhotoDAO.swift; sourceTree = "<group>"; };
		53FB65DB2B310D8600513DC9 /* Mapper.swift */ = {isa = PBXFileReference; lastKnownFileType = sourcecode.swift; path = Mapper.swift; sourceTree = "<group>"; };
/* End PBXFileReference section */

/* Begin PBXFrameworksBuildPhase section */
		5327CF1B2AFA4BBE00F6B175 /* Frameworks */ = {
			isa = PBXFrameworksBuildPhase;
			buildActionMask = 2147483647;
			files = (
			);
			runOnlyForDeploymentPostprocessing = 0;
		};
		5327CF302AFA4BBF00F6B175 /* Frameworks */ = {
			isa = PBXFrameworksBuildPhase;
			buildActionMask = 2147483647;
			files = (
			);
			runOnlyForDeploymentPostprocessing = 0;
		};
		5327CF3A2AFA4BBF00F6B175 /* Frameworks */ = {
			isa = PBXFrameworksBuildPhase;
			buildActionMask = 2147483647;
			files = (
			);
			runOnlyForDeploymentPostprocessing = 0;
		};
/* End PBXFrameworksBuildPhase section */

/* Begin PBXGroup section */
		5309C8932B3A0E9200C381B9 /* ImageCache */ = {
			isa = PBXGroup;
			children = (
				53FB65B52B2E515200513DC9 /* CachedImage.swift */,
				5309C8942B3A0EA700C381B9 /* CachedImageViewModel.swift */,
			);
			path = ImageCache;
			sourceTree = "<group>";
		};
		5327CF152AFA4BBE00F6B175 = {
			isa = PBXGroup;
			children = (
				5309C8902B39CC2500C381B9 /* CodingChallengeVolocopterTests.xctestplan */,
				5327CF202AFA4BBE00F6B175 /* CodingChallengeVolocopter */,
				5327CF362AFA4BBF00F6B175 /* CodingChallengeVolocopterTests */,
				5327CF402AFA4BBF00F6B175 /* CodingChallengeVolocopterUITests */,
				5327CF1F2AFA4BBE00F6B175 /* Products */,
			);
			sourceTree = "<group>";
		};
		5327CF1F2AFA4BBE00F6B175 /* Products */ = {
			isa = PBXGroup;
			children = (
				5327CF1E2AFA4BBE00F6B175 /* CodingChallengeVolocopter.app */,
				5327CF332AFA4BBF00F6B175 /* CodingChallengeVolocopterTests.xctest */,
				5327CF3D2AFA4BBF00F6B175 /* CodingChallengeVolocopterUITests.xctest */,
			);
			name = Products;
			sourceTree = "<group>";
		};
		5327CF202AFA4BBE00F6B175 /* CodingChallengeVolocopter */ = {
			isa = PBXGroup;
			children = (
				5393A4932B08AE8500BB241F /* Info.plist */,
				5327CF542AFAC6D100F6B175 /* Code */,
				5327CF552AFAC6DB00F6B175 /* Resources */,
				5327CF602AFAE0A500F6B175 /* SupportingFiles */,
				5327CF272AFA4BBF00F6B175 /* Preview Content */,
			);
			path = CodingChallengeVolocopter;
			sourceTree = "<group>";
		};
		5327CF272AFA4BBF00F6B175 /* Preview Content */ = {
			isa = PBXGroup;
			children = (
				5327CF282AFA4BBF00F6B175 /* Preview Assets.xcassets */,
			);
			path = "Preview Content";
			sourceTree = "<group>";
		};
		5327CF362AFA4BBF00F6B175 /* CodingChallengeVolocopterTests */ = {
			isa = PBXGroup;
			children = (
				532CCBC12B3998E000AB574D /* Mock */,
				532CCB792B389E9B00AB574D /* TestViewModels */,
				5327CF372AFA4BBF00F6B175 /* CodingChallengeVolocopterTests.swift */,
				532CCBBF2B38E71100AB574D /* NetworkServiceTests.swift */,
				532CCBC42B39B47700AB574D /* DataRequestTests.swift */,
				5309C8912B39CDDB00C381B9 /* RoverPhotosRequestTests.swift */,
				5309C8962B3A208500C381B9 /* CachedImageViewModelTests.swift */,
			);
			path = CodingChallengeVolocopterTests;
			sourceTree = "<group>";
		};
		5327CF402AFA4BBF00F6B175 /* CodingChallengeVolocopterUITests */ = {
			isa = PBXGroup;
			children = (
				5327CF412AFA4BBF00F6B175 /* CodingChallengeVolocopterUITests.swift */,
				5327CF432AFA4BBF00F6B175 /* CodingChallengeVolocopterUITestsLaunchTests.swift */,
			);
			path = CodingChallengeVolocopterUITests;
			sourceTree = "<group>";
		};
		5327CF542AFAC6D100F6B175 /* Code */ = {
			isa = PBXGroup;
			children = (
				5327CF562AFAC6E900F6B175 /* Features */,
				5327CF5C2AFADFF200F6B175 /* Services */,
				5327CF5A2AFADFD700F6B175 /* Common */,
			);
			path = Code;
			sourceTree = "<group>";
		};
		5327CF552AFAC6DB00F6B175 /* Resources */ = {
			isa = PBXGroup;
			children = (
				5327CF252AFA4BBF00F6B175 /* Assets.xcassets */,
			);
			path = Resources;
			sourceTree = "<group>";
		};
		5327CF562AFAC6E900F6B175 /* Features */ = {
			isa = PBXGroup;
			children = (
				5327CF572AFAC6F200F6B175 /* Home */,
				5327CF6A2AFC3AAE00F6B175 /* PhotoList */,
				5327CF592AFADFC700F6B175 /* PhotoDetail */,
				5327CF582AFADFBF00F6B175 /* Filter */,
			);
			path = Features;
			sourceTree = "<group>";
		};
		5327CF572AFAC6F200F6B175 /* Home */ = {
			isa = PBXGroup;
			children = (
				5327CF612AFAE0D800F6B175 /* View */,
				5327CF622AFAE0DE00F6B175 /* ViewModel */,
			);
			path = Home;
			sourceTree = "<group>";
		};
		5327CF582AFADFBF00F6B175 /* Filter */ = {
			isa = PBXGroup;
			children = (
				534589A52B25D61D009ECEF0 /* View */,
				534589A62B25D627009ECEF0 /* ViewModel */,
			);
			path = Filter;
			sourceTree = "<group>";
		};
		5327CF592AFADFC700F6B175 /* PhotoDetail */ = {
			isa = PBXGroup;
			children = (
				534589972B247300009ECEF0 /* View */,
			);
			path = PhotoDetail;
			sourceTree = "<group>";
		};
		5327CF5A2AFADFD700F6B175 /* Common */ = {
			isa = PBXGroup;
			children = (
				53FB65B22B2E50E100513DC9 /* Helpers */,
				5327CF5B2AFADFE100F6B175 /* Components */,
				5327CF662AFC1A3900F6B175 /* Enums.swift */,
			);
			path = Common;
			sourceTree = "<group>";
		};
		5327CF5B2AFADFE100F6B175 /* Components */ = {
			isa = PBXGroup;
			children = (
				5309C8932B3A0E9200C381B9 /* ImageCache */,
				5327CF752AFC4A5F00F6B175 /* CustomTopTabBar.swift */,
				534589AD2B26AD45009ECEF0 /* RadioButton.swift */,
				537093872B3A2AD00033B585 /* ErrorHandlerView.swift */,
				5370938C2B3A30290033B585 /* LoaderView.swift */,
			);
			path = Components;
			sourceTree = "<group>";
		};
		5327CF5C2AFADFF200F6B175 /* Services */ = {
			isa = PBXGroup;
			children = (
				53FB65BD2B3091E900513DC9 /* CoreData */,
				53FB65AF2B2A04C500513DC9 /* Notifications */,
				5393A48E2B064CBC00BB241F /* Repositories */,
				5327CF5D2AFADFF900F6B175 /* Network */,
			);
			path = Services;
			sourceTree = "<group>";
		};
		5327CF5D2AFADFF900F6B175 /* Network */ = {
			isa = PBXGroup;
			children = (
				5327CF5E2AFAE00200F6B175 /* Models */,
				5327CF5F2AFAE00900F6B175 /* Requests */,
				5327CF7D2B005DAF00F6B175 /* NetworkService.swift */,
				5327CF812B0256E100F6B175 /* NetworkConstants.swift */,
				5345899F2B251752009ECEF0 /* DataRequest.swift */,
			);
			path = Network;
			sourceTree = "<group>";
		};
		5327CF5E2AFAE00200F6B175 /* Models */ = {
			isa = PBXGroup;
			children = (
				5393A4842B0292DF00BB241F /* PhotosResponse.swift */,
			);
			path = Models;
			sourceTree = "<group>";
		};
		5327CF5F2AFAE00900F6B175 /* Requests */ = {
			isa = PBXGroup;
			children = (
				5393A4862B02975300BB241F /* CuriosityPhotosRequest.swift */,
				5393A4882B0297E600BB241F /* OpportunityPhotosRequest.swift */,
				5393A48A2B02982900BB241F /* SpiritPhotosRequest.swift */,
			);
			path = Requests;
			sourceTree = "<group>";
		};
		5327CF602AFAE0A500F6B175 /* SupportingFiles */ = {
			isa = PBXGroup;
			children = (
				5327CF212AFA4BBE00F6B175 /* CodingChallengeVolocopterApp.swift */,
			);
			path = SupportingFiles;
			sourceTree = "<group>";
		};
		5327CF612AFAE0D800F6B175 /* View */ = {
			isa = PBXGroup;
			children = (
				5327CF232AFA4BBE00F6B175 /* HomeView.swift */,
			);
			path = View;
			sourceTree = "<group>";
		};
		5327CF622AFAE0DE00F6B175 /* ViewModel */ = {
			isa = PBXGroup;
			children = (
				5327CF712AFC3CE600F6B175 /* HomeViewModel.swift */,
			);
			path = ViewModel;
			sourceTree = "<group>";
		};
		5327CF632AFB9F8C00F6B175 /* Persistence */ = {
			isa = PBXGroup;
			children = (
				5327CF2A2AFA4BBF00F6B175 /* Persistence.swift */,
				5327CF2C2AFA4BBF00F6B175 /* CodingChallengeVolocopter.xcdatamodeld */,
				53FB65C42B30FA0500513DC9 /* Persistable.swift */,
			);
			path = Persistence;
			sourceTree = "<group>";
		};
		5327CF6A2AFC3AAE00F6B175 /* PhotoList */ = {
			isa = PBXGroup;
			children = (
				5327CF6C2AFC3AC800F6B175 /* View */,
				5327CF6B2AFC3AC000F6B175 /* ViewModel */,
			);
			path = PhotoList;
			sourceTree = "<group>";
		};
		5327CF6B2AFC3AC000F6B175 /* ViewModel */ = {
			isa = PBXGroup;
			children = (
				53C5C02D2B275E600088DAD5 /* PhotoListViewModel.swift */,
			);
			path = ViewModel;
			sourceTree = "<group>";
		};
		5327CF6C2AFC3AC800F6B175 /* View */ = {
			isa = PBXGroup;
			children = (
				5327CF6D2AFC3C1400F6B175 /* PhotoListView.swift */,
			);
			path = View;
			sourceTree = "<group>";
		};
		532CCB792B389E9B00AB574D /* TestViewModels */ = {
			isa = PBXGroup;
			children = (
				532CCB7A2B389EE600AB574D /* HomeViewModelTest.swift */,
				532CCBBD2B38E3E000AB574D /* FilterViewModelTests.swift */,
			);
			path = TestViewModels;
			sourceTree = "<group>";
		};
		532CCBC12B3998E000AB574D /* Mock */ = {
			isa = PBXGroup;
			children = (
				532CCBC22B3998FC00AB574D /* MockApiRequest.swift */,
				532CCBC62B39B67100AB574D /* MockDataRequest.swift */,
				5309C89A2B3A223900C381B9 /* MockURLSession.swift */,
			);
			path = Mock;
			sourceTree = "<group>";
		};
		5345898E2B234E2F009ECEF0 /* Protocol */ = {
			isa = PBXGroup;
			children = (
				5393A48F2B064CE500BB241F /* RepositoryProtocol.swift */,
			);
			path = Protocol;
			sourceTree = "<group>";
		};
		534589972B247300009ECEF0 /* View */ = {
			isa = PBXGroup;
			children = (
				534589992B24752D009ECEF0 /* PhotoDetailView.swift */,
			);
			path = View;
			sourceTree = "<group>";
		};
		534589A52B25D61D009ECEF0 /* View */ = {
			isa = PBXGroup;
			children = (
				534589A72B25D68F009ECEF0 /* FilterView.swift */,
			);
			path = View;
			sourceTree = "<group>";
		};
		534589A62B25D627009ECEF0 /* ViewModel */ = {
			isa = PBXGroup;
			children = (
				534589AB2B25D6E5009ECEF0 /* FilterViewModel.swift */,
			);
			path = ViewModel;
			sourceTree = "<group>";
		};
		5370938B2B3A2CA20033B585 /* Protocol */ = {
			isa = PBXGroup;
			children = (
				537093892B3A2C8C0033B585 /* AppErrorProtocol.swift */,
			);
			path = Protocol;
			sourceTree = "<group>";
		};
		5393A48E2B064CBC00BB241F /* Repositories */ = {
			isa = PBXGroup;
			children = (
				5345898E2B234E2F009ECEF0 /* Protocol */,
				5393A4912B064D5200BB241F /* CuriosityRepository.swift */,
				5345898A2B234E04009ECEF0 /* OpportunityRepository.swift */,
				5345898C2B234E26009ECEF0 /* SpiritRepository.swift */,
			);
			path = Repositories;
			sourceTree = "<group>";
		};
		53FB65AF2B2A04C500513DC9 /* Notifications */ = {
			isa = PBXGroup;
			children = (
				53FB65B02B2A057800513DC9 /* NotificationManager.swift */,
			);
			path = Notifications;
			sourceTree = "<group>";
		};
		53FB65B22B2E50E100513DC9 /* Helpers */ = {
			isa = PBXGroup;
			children = (
				5370938B2B3A2CA20033B585 /* Protocol */,
				532CCB6B2B34E04000AB574D /* NetworkMonitor.swift */,
			);
			path = Helpers;
			sourceTree = "<group>";
		};
		53FB65BD2B3091E900513DC9 /* CoreData */ = {
			isa = PBXGroup;
			children = (
				53FB65DA2B310D7500513DC9 /* Mapper */,
				53FB65C12B30F2D300513DC9 /* DataAccessObjects */,
				5327CF632AFB9F8C00F6B175 /* Persistence */,
				53FB65BE2B30A11000513DC9 /* Models */,
			);
			path = CoreData;
			sourceTree = "<group>";
		};
		53FB65BE2B30A11000513DC9 /* Models */ = {
			isa = PBXGroup;
			children = (
				532CCB6D2B35051E00AB574D /* PhotoEntity+CoreDataClass.swift */,
				532CCB6E2B35051E00AB574D /* PhotoEntity+CoreDataProperties.swift */,
				532CCB6F2B35051E00AB574D /* RoverEntity+CoreDataClass.swift */,
				532CCB702B35051E00AB574D /* RoverEntity+CoreDataProperties.swift */,
				532CCB712B35051E00AB574D /* PhotoCameraEntity+CoreDataClass.swift */,
				532CCB722B35051E00AB574D /* PhotoCameraEntity+CoreDataProperties.swift */,
			);
			path = Models;
			sourceTree = "<group>";
		};
		53FB65C12B30F2D300513DC9 /* DataAccessObjects */ = {
			isa = PBXGroup;
			children = (
				53FB65C22B30F8E200513DC9 /* CoreDataDAO.swift */,
				53FB65C62B3100CD00513DC9 /* BaseDAO.swift */,
				53FB65C82B31021700513DC9 /* PhotoDAO.swift */,
			);
			path = DataAccessObjects;
			sourceTree = "<group>";
		};
		53FB65DA2B310D7500513DC9 /* Mapper */ = {
			isa = PBXGroup;
			children = (
				53FB65DB2B310D8600513DC9 /* Mapper.swift */,
			);
			path = Mapper;
			sourceTree = "<group>";
		};
/* End PBXGroup section */

/* Begin PBXNativeTarget section */
		5327CF1D2AFA4BBE00F6B175 /* CodingChallengeVolocopter */ = {
			isa = PBXNativeTarget;
			buildConfigurationList = 5327CF472AFA4BBF00F6B175 /* Build configuration list for PBXNativeTarget "CodingChallengeVolocopter" */;
			buildPhases = (
				5327CF1A2AFA4BBE00F6B175 /* Sources */,
				5327CF1B2AFA4BBE00F6B175 /* Frameworks */,
				5327CF1C2AFA4BBE00F6B175 /* Resources */,
			);
			buildRules = (
			);
			dependencies = (
			);
			name = CodingChallengeVolocopter;
			productName = CodingChallengeVolocopter;
			productReference = 5327CF1E2AFA4BBE00F6B175 /* CodingChallengeVolocopter.app */;
			productType = "com.apple.product-type.application";
		};
		5327CF322AFA4BBF00F6B175 /* CodingChallengeVolocopterTests */ = {
			isa = PBXNativeTarget;
			buildConfigurationList = 5327CF4A2AFA4BBF00F6B175 /* Build configuration list for PBXNativeTarget "CodingChallengeVolocopterTests" */;
			buildPhases = (
				5327CF2F2AFA4BBF00F6B175 /* Sources */,
				5327CF302AFA4BBF00F6B175 /* Frameworks */,
				5327CF312AFA4BBF00F6B175 /* Resources */,
			);
			buildRules = (
			);
			dependencies = (
				5327CF352AFA4BBF00F6B175 /* PBXTargetDependency */,
			);
			name = CodingChallengeVolocopterTests;
			productName = CodingChallengeVolocopterTests;
			productReference = 5327CF332AFA4BBF00F6B175 /* CodingChallengeVolocopterTests.xctest */;
			productType = "com.apple.product-type.bundle.unit-test";
		};
		5327CF3C2AFA4BBF00F6B175 /* CodingChallengeVolocopterUITests */ = {
			isa = PBXNativeTarget;
			buildConfigurationList = 5327CF4D2AFA4BBF00F6B175 /* Build configuration list for PBXNativeTarget "CodingChallengeVolocopterUITests" */;
			buildPhases = (
				5327CF392AFA4BBF00F6B175 /* Sources */,
				5327CF3A2AFA4BBF00F6B175 /* Frameworks */,
				5327CF3B2AFA4BBF00F6B175 /* Resources */,
			);
			buildRules = (
			);
			dependencies = (
				5327CF3F2AFA4BBF00F6B175 /* PBXTargetDependency */,
			);
			name = CodingChallengeVolocopterUITests;
			productName = CodingChallengeVolocopterUITests;
			productReference = 5327CF3D2AFA4BBF00F6B175 /* CodingChallengeVolocopterUITests.xctest */;
			productType = "com.apple.product-type.bundle.ui-testing";
		};
/* End PBXNativeTarget section */

/* Begin PBXProject section */
		5327CF162AFA4BBE00F6B175 /* Project object */ = {
			isa = PBXProject;
			attributes = {
				BuildIndependentTargetsInParallel = 1;
				LastSwiftUpdateCheck = 1430;
				LastUpgradeCheck = 1430;
				TargetAttributes = {
					5327CF1D2AFA4BBE00F6B175 = {
						CreatedOnToolsVersion = 14.3.1;
					};
					5327CF322AFA4BBF00F6B175 = {
						CreatedOnToolsVersion = 14.3.1;
						TestTargetID = 5327CF1D2AFA4BBE00F6B175;
					};
					5327CF3C2AFA4BBF00F6B175 = {
						CreatedOnToolsVersion = 14.3.1;
						TestTargetID = 5327CF1D2AFA4BBE00F6B175;
					};
				};
			};
			buildConfigurationList = 5327CF192AFA4BBE00F6B175 /* Build configuration list for PBXProject "CodingChallengeVolocopter" */;
			compatibilityVersion = "Xcode 14.0";
			developmentRegion = en;
			hasScannedForEncodings = 0;
			knownRegions = (
				en,
				Base,
			);
			mainGroup = 5327CF152AFA4BBE00F6B175;
			productRefGroup = 5327CF1F2AFA4BBE00F6B175 /* Products */;
			projectDirPath = "";
			projectRoot = "";
			targets = (
				5327CF1D2AFA4BBE00F6B175 /* CodingChallengeVolocopter */,
				5327CF322AFA4BBF00F6B175 /* CodingChallengeVolocopterTests */,
				5327CF3C2AFA4BBF00F6B175 /* CodingChallengeVolocopterUITests */,
			);
		};
/* End PBXProject section */

/* Begin PBXResourcesBuildPhase section */
		5327CF1C2AFA4BBE00F6B175 /* Resources */ = {
			isa = PBXResourcesBuildPhase;
			buildActionMask = 2147483647;
			files = (
				5327CF292AFA4BBF00F6B175 /* Preview Assets.xcassets in Resources */,
				5327CF262AFA4BBF00F6B175 /* Assets.xcassets in Resources */,
			);
			runOnlyForDeploymentPostprocessing = 0;
		};
		5327CF312AFA4BBF00F6B175 /* Resources */ = {
			isa = PBXResourcesBuildPhase;
			buildActionMask = 2147483647;
			files = (
			);
			runOnlyForDeploymentPostprocessing = 0;
		};
		5327CF3B2AFA4BBF00F6B175 /* Resources */ = {
			isa = PBXResourcesBuildPhase;
			buildActionMask = 2147483647;
			files = (
			);
			runOnlyForDeploymentPostprocessing = 0;
		};
/* End PBXResourcesBuildPhase section */

/* Begin PBXSourcesBuildPhase section */
		5327CF1A2AFA4BBE00F6B175 /* Sources */ = {
			isa = PBXSourcesBuildPhase;
			buildActionMask = 2147483647;
			files = (
				5345898D2B234E26009ECEF0 /* SpiritRepository.swift in Sources */,
				5345899A2B24752D009ECEF0 /* PhotoDetailView.swift in Sources */,
				5393A4902B064CE500BB241F /* RepositoryProtocol.swift in Sources */,
				532CCB782B35051E00AB574D /* PhotoCameraEntity+CoreDataProperties.swift in Sources */,
				537093882B3A2AD00033B585 /* ErrorHandlerView.swift in Sources */,
				53FB65C92B31021700513DC9 /* PhotoDAO.swift in Sources */,
				534589A02B251752009ECEF0 /* DataRequest.swift in Sources */,
				5327CF7E2B005DAF00F6B175 /* NetworkService.swift in Sources */,
				5327CF2B2AFA4BBF00F6B175 /* Persistence.swift in Sources */,
				5327CF242AFA4BBE00F6B175 /* HomeView.swift in Sources */,
				532CCB752B35051E00AB574D /* RoverEntity+CoreDataClass.swift in Sources */,
				532CCB732B35051E00AB574D /* PhotoEntity+CoreDataClass.swift in Sources */,
				5309C8952B3A0EA700C381B9 /* CachedImageViewModel.swift in Sources */,
				534589AC2B25D6E5009ECEF0 /* FilterViewModel.swift in Sources */,
				534589AE2B26AD45009ECEF0 /* RadioButton.swift in Sources */,
				534589A82B25D68F009ECEF0 /* FilterView.swift in Sources */,
				53FB65C52B30FA0500513DC9 /* Persistable.swift in Sources */,
				5370938D2B3A30290033B585 /* LoaderView.swift in Sources */,
				5393A4892B0297E600BB241F /* OpportunityPhotosRequest.swift in Sources */,
				5393A48B2B02982900BB241F /* SpiritPhotosRequest.swift in Sources */,
				5327CF762AFC4A5F00F6B175 /* CustomTopTabBar.swift in Sources */,
				53FB65DC2B310D8600513DC9 /* Mapper.swift in Sources */,
				5345898B2B234E04009ECEF0 /* OpportunityRepository.swift in Sources */,
				53FB65C32B30F8E200513DC9 /* CoreDataDAO.swift in Sources */,
				5327CF722AFC3CE600F6B175 /* HomeViewModel.swift in Sources */,
				5327CF672AFC1A3900F6B175 /* Enums.swift in Sources */,
				5327CF2E2AFA4BBF00F6B175 /* CodingChallengeVolocopter.xcdatamodeld in Sources */,
				53FB65C72B3100CD00513DC9 /* BaseDAO.swift in Sources */,
				532CCB6C2B34E04000AB574D /* NetworkMonitor.swift in Sources */,
				5327CF222AFA4BBE00F6B175 /* CodingChallengeVolocopterApp.swift in Sources */,
				5393A4852B0292DF00BB241F /* PhotosResponse.swift in Sources */,
				532CCB742B35051E00AB574D /* PhotoEntity+CoreDataProperties.swift in Sources */,
				5370938A2B3A2C8C0033B585 /* AppErrorProtocol.swift in Sources */,
				5393A4872B02975300BB241F /* CuriosityPhotosRequest.swift in Sources */,
				5327CF6E2AFC3C1400F6B175 /* PhotoListView.swift in Sources */,
				53C5C02E2B275E600088DAD5 /* PhotoListViewModel.swift in Sources */,
				53FB65B62B2E515200513DC9 /* CachedImage.swift in Sources */,
				53FB65B12B2A057800513DC9 /* NotificationManager.swift in Sources */,
				5327CF822B0256E100F6B175 /* NetworkConstants.swift in Sources */,
				5393A4922B064D5200BB241F /* CuriosityRepository.swift in Sources */,
				532CCB772B35051E00AB574D /* PhotoCameraEntity+CoreDataClass.swift in Sources */,
				532CCB762B35051E00AB574D /* RoverEntity+CoreDataProperties.swift in Sources */,
			);
			runOnlyForDeploymentPostprocessing = 0;
		};
		5327CF2F2AFA4BBF00F6B175 /* Sources */ = {
			isa = PBXSourcesBuildPhase;
			buildActionMask = 2147483647;
			files = (
				5327CF832B0256E100F6B175 /* NetworkConstants.swift in Sources */,
				53F7E8952B3A3C4D00C36BA1 /* ErrorHandlerView.swift in Sources */,
				532CCB942B38C0D800AB574D /* OpportunityRepository.swift in Sources */,
				5327CF7F2B005DAF00F6B175 /* NetworkService.swift in Sources */,
				5309C8972B3A208500C381B9 /* CachedImageViewModelTests.swift in Sources */,
				532CCB7D2B38A0B700AB574D /* NotificationManager.swift in Sources */,
				532CCB9B2B38C0E800AB574D /* Mapper.swift in Sources */,
				532CCBBE2B38E3E000AB574D /* FilterViewModelTests.swift in Sources */,
				532CCB812B38C07B00AB574D /* PhotoListViewModel.swift in Sources */,
				532CCB982B38C0DC00AB574D /* RepositoryProtocol.swift in Sources */,
				532CCBC32B3998FC00AB574D /* MockApiRequest.swift in Sources */,
				532CCBA92B38C10500AB574D /* PhotoCameraEntity+CoreDataClass.swift in Sources */,
				532CCBBB2B38C14900AB574D /* PhotoDetailView.swift in Sources */,
				5309C8982B3A20C800C381B9 /* CachedImageViewModel.swift in Sources */,
				532CCBA02B38C0FD00AB574D /* Persistence.swift in Sources */,
				532CCB8B2B38C0CB00AB574D /* OpportunityPhotosRequest.swift in Sources */,
				532CCBA82B38C10500AB574D /* RoverEntity+CoreDataClass.swift in Sources */,
				532CCBA12B38C0FD00AB574D /* Persistable.swift in Sources */,
				532CCBC52B39B47700AB574D /* DataRequestTests.swift in Sources */,
				5327CF682AFC1A3900F6B175 /* Enums.swift in Sources */,
				532CCBB32B38C12500AB574D /* CustomTopTabBar.swift in Sources */,
				5327CF382AFA4BBF00F6B175 /* CodingChallengeVolocopterTests.swift in Sources */,
				5327CF6F2AFC3C1400F6B175 /* PhotoListView.swift in Sources */,
				5327CF732AFC3CE600F6B175 /* HomeViewModel.swift in Sources */,
				532CCB922B38C0D800AB574D /* SpiritRepository.swift in Sources */,
				53F7E8932B3A3C4300C36BA1 /* AppErrorProtocol.swift in Sources */,
				532CCBA42B38C10500AB574D /* PhotoCameraEntity+CoreDataProperties.swift in Sources */,
				532CCBB42B38C12500AB574D /* CachedImage.swift in Sources */,
				532CCBC02B38E71100AB574D /* NetworkServiceTests.swift in Sources */,
				53F7E8972B3A3C5000C36BA1 /* LoaderView.swift in Sources */,
				532CCB852B38C0A100AB574D /* CoreDataDAO.swift in Sources */,
				532CCB7C2B389F5E00AB574D /* NetworkMonitor.swift in Sources */,
				532CCBB52B38C12500AB574D /* RadioButton.swift in Sources */,
				532CCB862B38C0A100AB574D /* PhotoDAO.swift in Sources */,
				5309C8922B39CDDB00C381B9 /* RoverPhotosRequestTests.swift in Sources */,
				532CCBA52B38C10500AB574D /* PhotoEntity+CoreDataClass.swift in Sources */,
				5309C89B2B3A223900C381B9 /* MockURLSession.swift in Sources */,
				532CCB832B38C09400AB574D /* FilterViewModel.swift in Sources */,
				532CCB8C2B38C0CB00AB574D /* CuriosityPhotosRequest.swift in Sources */,
				532CCB7B2B389EE600AB574D /* HomeViewModelTest.swift in Sources */,
				532CCB872B38C0A100AB574D /* BaseDAO.swift in Sources */,
				532CCBA62B38C10500AB574D /* RoverEntity+CoreDataProperties.swift in Sources */,
				532CCB8A2B38C0CB00AB574D /* SpiritPhotosRequest.swift in Sources */,
				532CCB932B38C0D800AB574D /* CuriosityRepository.swift in Sources */,
				532CCBC72B39B67100AB574D /* MockDataRequest.swift in Sources */,
				532CCB882B38C0C500AB574D /* DataRequest.swift in Sources */,
				532CCBA72B38C10500AB574D /* PhotoEntity+CoreDataProperties.swift in Sources */,
				532CCB902B38C0D000AB574D /* PhotosResponse.swift in Sources */,
			);
			runOnlyForDeploymentPostprocessing = 0;
		};
		5327CF392AFA4BBF00F6B175 /* Sources */ = {
			isa = PBXSourcesBuildPhase;
			buildActionMask = 2147483647;
			files = (
				532CCBA32B38C0FD00AB574D /* Persistable.swift in Sources */,
				5327CF422AFA4BBF00F6B175 /* CodingChallengeVolocopterUITests.swift in Sources */,
				532CCB9D2B38C0F400AB574D /* PhotoDAO.swift in Sources */,
				532CCB8D2B38C0CB00AB574D /* SpiritPhotosRequest.swift in Sources */,
				532CCB9A2B38C0E300AB574D /* NotificationManager.swift in Sources */,
				532CCBAE2B38C10700AB574D /* RoverEntity+CoreDataClass.swift in Sources */,
				532CCB8E2B38C0CB00AB574D /* OpportunityPhotosRequest.swift in Sources */,
				532CCB892B38C0C600AB574D /* DataRequest.swift in Sources */,
				532CCBBC2B38C14900AB574D /* PhotoDetailView.swift in Sources */,
				532CCBAD2B38C10700AB574D /* PhotoEntity+CoreDataProperties.swift in Sources */,
				5327CF692AFC1A3900F6B175 /* Enums.swift in Sources */,
				532CCB842B38C09500AB574D /* FilterViewModel.swift in Sources */,
				532CCBAB2B38C10700AB574D /* PhotoEntity+CoreDataClass.swift in Sources */,
				532CCB9E2B38C0F400AB574D /* CoreDataDAO.swift in Sources */,
				532CCBB82B38C12700AB574D /* CustomTopTabBar.swift in Sources */,
				5327CF442AFA4BBF00F6B175 /* CodingChallengeVolocopterUITestsLaunchTests.swift in Sources */,
				532CCB992B38C0DC00AB574D /* RepositoryProtocol.swift in Sources */,
				53F7E8962B3A3C4D00C36BA1 /* ErrorHandlerView.swift in Sources */,
				5327CF802B005DAF00F6B175 /* NetworkService.swift in Sources */,
				53F7E8942B3A3C4400C36BA1 /* AppErrorProtocol.swift in Sources */,
				532CCB822B38C09100AB574D /* PhotoListViewModel.swift in Sources */,
				532CCB912B38C0D100AB574D /* PhotosResponse.swift in Sources */,
				532CCBB92B38C12700AB574D /* CachedImage.swift in Sources */,
				5327CF742AFC3CE600F6B175 /* HomeViewModel.swift in Sources */,
				532CCB962B38C0D900AB574D /* CuriosityRepository.swift in Sources */,
				532CCBBA2B38C12700AB574D /* RadioButton.swift in Sources */,
				532CCBAF2B38C10700AB574D /* PhotoCameraEntity+CoreDataClass.swift in Sources */,
				532CCBAC2B38C10700AB574D /* RoverEntity+CoreDataProperties.swift in Sources */,
				532CCBB02B38C11B00AB574D /* NetworkMonitor.swift in Sources */,
				532CCB8F2B38C0CB00AB574D /* CuriosityPhotosRequest.swift in Sources */,
				532CCBAA2B38C10700AB574D /* PhotoCameraEntity+CoreDataProperties.swift in Sources */,
				532CCB972B38C0D900AB574D /* OpportunityRepository.swift in Sources */,
				532CCB9C2B38C0ED00AB574D /* Mapper.swift in Sources */,
				532CCBA22B38C0FD00AB574D /* Persistence.swift in Sources */,
				5309C8992B3A20CA00C381B9 /* CachedImageViewModel.swift in Sources */,
				532CCB952B38C0D900AB574D /* SpiritRepository.swift in Sources */,
				5327CF702AFC3C1400F6B175 /* PhotoListView.swift in Sources */,
				53F7E8982B3A3C5000C36BA1 /* LoaderView.swift in Sources */,
				5327CF842B0256E100F6B175 /* NetworkConstants.swift in Sources */,
				532CCB9F2B38C0F400AB574D /* BaseDAO.swift in Sources */,
			);
			runOnlyForDeploymentPostprocessing = 0;
		};
/* End PBXSourcesBuildPhase section */

/* Begin PBXTargetDependency section */
		5327CF352AFA4BBF00F6B175 /* PBXTargetDependency */ = {
			isa = PBXTargetDependency;
			target = 5327CF1D2AFA4BBE00F6B175 /* CodingChallengeVolocopter */;
			targetProxy = 5327CF342AFA4BBF00F6B175 /* PBXContainerItemProxy */;
		};
		5327CF3F2AFA4BBF00F6B175 /* PBXTargetDependency */ = {
			isa = PBXTargetDependency;
			target = 5327CF1D2AFA4BBE00F6B175 /* CodingChallengeVolocopter */;
			targetProxy = 5327CF3E2AFA4BBF00F6B175 /* PBXContainerItemProxy */;
		};
/* End PBXTargetDependency section */

/* Begin XCBuildConfiguration section */
		5327CF452AFA4BBF00F6B175 /* Debug */ = {
			isa = XCBuildConfiguration;
			buildSettings = {
				ALWAYS_SEARCH_USER_PATHS = NO;
				CLANG_ANALYZER_NONNULL = YES;
				CLANG_ANALYZER_NUMBER_OBJECT_CONVERSION = YES_AGGRESSIVE;
				CLANG_CXX_LANGUAGE_STANDARD = "gnu++20";
				CLANG_ENABLE_MODULES = YES;
				CLANG_ENABLE_OBJC_ARC = YES;
				CLANG_ENABLE_OBJC_WEAK = YES;
				CLANG_WARN_BLOCK_CAPTURE_AUTORELEASING = YES;
				CLANG_WARN_BOOL_CONVERSION = YES;
				CLANG_WARN_COMMA = YES;
				CLANG_WARN_CONSTANT_CONVERSION = YES;
				CLANG_WARN_DEPRECATED_OBJC_IMPLEMENTATIONS = YES;
				CLANG_WARN_DIRECT_OBJC_ISA_USAGE = YES_ERROR;
				CLANG_WARN_DOCUMENTATION_COMMENTS = YES;
				CLANG_WARN_EMPTY_BODY = YES;
				CLANG_WARN_ENUM_CONVERSION = YES;
				CLANG_WARN_INFINITE_RECURSION = YES;
				CLANG_WARN_INT_CONVERSION = YES;
				CLANG_WARN_NON_LITERAL_NULL_CONVERSION = YES;
				CLANG_WARN_OBJC_IMPLICIT_RETAIN_SELF = YES;
				CLANG_WARN_OBJC_LITERAL_CONVERSION = YES;
				CLANG_WARN_OBJC_ROOT_CLASS = YES_ERROR;
				CLANG_WARN_QUOTED_INCLUDE_IN_FRAMEWORK_HEADER = YES;
				CLANG_WARN_RANGE_LOOP_ANALYSIS = YES;
				CLANG_WARN_STRICT_PROTOTYPES = YES;
				CLANG_WARN_SUSPICIOUS_MOVE = YES;
				CLANG_WARN_UNGUARDED_AVAILABILITY = YES_AGGRESSIVE;
				CLANG_WARN_UNREACHABLE_CODE = YES;
				CLANG_WARN__DUPLICATE_METHOD_MATCH = YES;
				COPY_PHASE_STRIP = NO;
				DEBUG_INFORMATION_FORMAT = dwarf;
				ENABLE_STRICT_OBJC_MSGSEND = YES;
				ENABLE_TESTABILITY = YES;
				GCC_C_LANGUAGE_STANDARD = gnu11;
				GCC_DYNAMIC_NO_PIC = NO;
				GCC_NO_COMMON_BLOCKS = YES;
				GCC_OPTIMIZATION_LEVEL = 0;
				GCC_PREPROCESSOR_DEFINITIONS = (
					"DEBUG=1",
					"$(inherited)",
				);
				GCC_WARN_64_TO_32_BIT_CONVERSION = YES;
				GCC_WARN_ABOUT_RETURN_TYPE = YES_ERROR;
				GCC_WARN_UNDECLARED_SELECTOR = YES;
				GCC_WARN_UNINITIALIZED_AUTOS = YES_AGGRESSIVE;
				GCC_WARN_UNUSED_FUNCTION = YES;
				GCC_WARN_UNUSED_VARIABLE = YES;
				IPHONEOS_DEPLOYMENT_TARGET = 16.4;
				MTL_ENABLE_DEBUG_INFO = INCLUDE_SOURCE;
				MTL_FAST_MATH = YES;
				ONLY_ACTIVE_ARCH = YES;
				SDKROOT = iphoneos;
				SWIFT_ACTIVE_COMPILATION_CONDITIONS = DEBUG;
				SWIFT_OPTIMIZATION_LEVEL = "-Onone";
			};
			name = Debug;
		};
		5327CF462AFA4BBF00F6B175 /* Release */ = {
			isa = XCBuildConfiguration;
			buildSettings = {
				ALWAYS_SEARCH_USER_PATHS = NO;
				CLANG_ANALYZER_NONNULL = YES;
				CLANG_ANALYZER_NUMBER_OBJECT_CONVERSION = YES_AGGRESSIVE;
				CLANG_CXX_LANGUAGE_STANDARD = "gnu++20";
				CLANG_ENABLE_MODULES = YES;
				CLANG_ENABLE_OBJC_ARC = YES;
				CLANG_ENABLE_OBJC_WEAK = YES;
				CLANG_WARN_BLOCK_CAPTURE_AUTORELEASING = YES;
				CLANG_WARN_BOOL_CONVERSION = YES;
				CLANG_WARN_COMMA = YES;
				CLANG_WARN_CONSTANT_CONVERSION = YES;
				CLANG_WARN_DEPRECATED_OBJC_IMPLEMENTATIONS = YES;
				CLANG_WARN_DIRECT_OBJC_ISA_USAGE = YES_ERROR;
				CLANG_WARN_DOCUMENTATION_COMMENTS = YES;
				CLANG_WARN_EMPTY_BODY = YES;
				CLANG_WARN_ENUM_CONVERSION = YES;
				CLANG_WARN_INFINITE_RECURSION = YES;
				CLANG_WARN_INT_CONVERSION = YES;
				CLANG_WARN_NON_LITERAL_NULL_CONVERSION = YES;
				CLANG_WARN_OBJC_IMPLICIT_RETAIN_SELF = YES;
				CLANG_WARN_OBJC_LITERAL_CONVERSION = YES;
				CLANG_WARN_OBJC_ROOT_CLASS = YES_ERROR;
				CLANG_WARN_QUOTED_INCLUDE_IN_FRAMEWORK_HEADER = YES;
				CLANG_WARN_RANGE_LOOP_ANALYSIS = YES;
				CLANG_WARN_STRICT_PROTOTYPES = YES;
				CLANG_WARN_SUSPICIOUS_MOVE = YES;
				CLANG_WARN_UNGUARDED_AVAILABILITY = YES_AGGRESSIVE;
				CLANG_WARN_UNREACHABLE_CODE = YES;
				CLANG_WARN__DUPLICATE_METHOD_MATCH = YES;
				COPY_PHASE_STRIP = NO;
				DEBUG_INFORMATION_FORMAT = "dwarf-with-dsym";
				ENABLE_NS_ASSERTIONS = NO;
				ENABLE_STRICT_OBJC_MSGSEND = YES;
				GCC_C_LANGUAGE_STANDARD = gnu11;
				GCC_NO_COMMON_BLOCKS = YES;
				GCC_WARN_64_TO_32_BIT_CONVERSION = YES;
				GCC_WARN_ABOUT_RETURN_TYPE = YES_ERROR;
				GCC_WARN_UNDECLARED_SELECTOR = YES;
				GCC_WARN_UNINITIALIZED_AUTOS = YES_AGGRESSIVE;
				GCC_WARN_UNUSED_FUNCTION = YES;
				GCC_WARN_UNUSED_VARIABLE = YES;
				IPHONEOS_DEPLOYMENT_TARGET = 16.4;
				MTL_ENABLE_DEBUG_INFO = NO;
				MTL_FAST_MATH = YES;
				SDKROOT = iphoneos;
				SWIFT_COMPILATION_MODE = wholemodule;
				SWIFT_OPTIMIZATION_LEVEL = "-O";
				VALIDATE_PRODUCT = YES;
			};
			name = Release;
		};
		5327CF482AFA4BBF00F6B175 /* Debug */ = {
			isa = XCBuildConfiguration;
			buildSettings = {
				ASSETCATALOG_COMPILER_APPICON_NAME = AppIcon;
				ASSETCATALOG_COMPILER_GLOBAL_ACCENT_COLOR_NAME = AccentColor;
				CODE_SIGN_STYLE = Automatic;
				CURRENT_PROJECT_VERSION = 1;
				DEVELOPMENT_ASSET_PATHS = "\"CodingChallengeVolocopter/Preview Content\"";
				DEVELOPMENT_TEAM = AC9G84FCG3;
				ENABLE_PREVIEWS = YES;
				GENERATE_INFOPLIST_FILE = YES;
				INFOPLIST_FILE = CodingChallengeVolocopter/Info.plist;
				INFOPLIST_KEY_UIApplicationSceneManifest_Generation = YES;
				INFOPLIST_KEY_UIApplicationSupportsIndirectInputEvents = YES;
				INFOPLIST_KEY_UILaunchScreen_Generation = YES;
				INFOPLIST_KEY_UISupportedInterfaceOrientations_iPad = "UIInterfaceOrientationPortrait UIInterfaceOrientationPortraitUpsideDown UIInterfaceOrientationLandscapeLeft UIInterfaceOrientationLandscapeRight";
				INFOPLIST_KEY_UISupportedInterfaceOrientations_iPhone = "UIInterfaceOrientationPortrait UIInterfaceOrientationLandscapeLeft UIInterfaceOrientationLandscapeRight";
				LD_RUNPATH_SEARCH_PATHS = (
					"$(inherited)",
					"@executable_path/Frameworks",
				);
				MARKETING_VERSION = 1.0;
				PRODUCT_BUNDLE_IDENTIFIER = ayubi.CodingChallengeVolocopter;
				PRODUCT_NAME = "$(TARGET_NAME)";
				SWIFT_EMIT_LOC_STRINGS = YES;
				SWIFT_VERSION = 5.0;
				TARGETED_DEVICE_FAMILY = "1,2";
			};
			name = Debug;
		};
		5327CF492AFA4BBF00F6B175 /* Release */ = {
			isa = XCBuildConfiguration;
			buildSettings = {
				ASSETCATALOG_COMPILER_APPICON_NAME = AppIcon;
				ASSETCATALOG_COMPILER_GLOBAL_ACCENT_COLOR_NAME = AccentColor;
				CODE_SIGN_STYLE = Automatic;
				CURRENT_PROJECT_VERSION = 1;
				DEVELOPMENT_ASSET_PATHS = "\"CodingChallengeVolocopter/Preview Content\"";
				DEVELOPMENT_TEAM = AC9G84FCG3;
				ENABLE_PREVIEWS = YES;
				GENERATE_INFOPLIST_FILE = YES;
				INFOPLIST_FILE = CodingChallengeVolocopter/Info.plist;
				INFOPLIST_KEY_UIApplicationSceneManifest_Generation = YES;
				INFOPLIST_KEY_UIApplicationSupportsIndirectInputEvents = YES;
				INFOPLIST_KEY_UILaunchScreen_Generation = YES;
				INFOPLIST_KEY_UISupportedInterfaceOrientations_iPad = "UIInterfaceOrientationPortrait UIInterfaceOrientationPortraitUpsideDown UIInterfaceOrientationLandscapeLeft UIInterfaceOrientationLandscapeRight";
				INFOPLIST_KEY_UISupportedInterfaceOrientations_iPhone = "UIInterfaceOrientationPortrait UIInterfaceOrientationLandscapeLeft UIInterfaceOrientationLandscapeRight";
				LD_RUNPATH_SEARCH_PATHS = (
					"$(inherited)",
					"@executable_path/Frameworks",
				);
				MARKETING_VERSION = 1.0;
				PRODUCT_BUNDLE_IDENTIFIER = ayubi.CodingChallengeVolocopter;
				PRODUCT_NAME = "$(TARGET_NAME)";
				SWIFT_EMIT_LOC_STRINGS = YES;
				SWIFT_VERSION = 5.0;
				TARGETED_DEVICE_FAMILY = "1,2";
			};
			name = Release;
		};
		5327CF4B2AFA4BBF00F6B175 /* Debug */ = {
			isa = XCBuildConfiguration;
			buildSettings = {
				ALWAYS_EMBED_SWIFT_STANDARD_LIBRARIES = YES;
				BUNDLE_LOADER = "$(TEST_HOST)";
				CODE_SIGN_STYLE = Automatic;
				CURRENT_PROJECT_VERSION = 1;
				DEVELOPMENT_TEAM = AC9G84FCG3;
				GENERATE_INFOPLIST_FILE = YES;
				IPHONEOS_DEPLOYMENT_TARGET = 16.4;
				MARKETING_VERSION = 1.0;
				PRODUCT_BUNDLE_IDENTIFIER = ayubi.CodingChallengeVolocopterTests;
				PRODUCT_NAME = "$(TARGET_NAME)";
				SWIFT_EMIT_LOC_STRINGS = NO;
				SWIFT_VERSION = 5.0;
				TARGETED_DEVICE_FAMILY = "1,2";
				TEST_HOST = "$(BUILT_PRODUCTS_DIR)/CodingChallengeVolocopter.app/$(BUNDLE_EXECUTABLE_FOLDER_PATH)/CodingChallengeVolocopter";
			};
			name = Debug;
		};
		5327CF4C2AFA4BBF00F6B175 /* Release */ = {
			isa = XCBuildConfiguration;
			buildSettings = {
				ALWAYS_EMBED_SWIFT_STANDARD_LIBRARIES = YES;
				BUNDLE_LOADER = "$(TEST_HOST)";
				CODE_SIGN_STYLE = Automatic;
				CURRENT_PROJECT_VERSION = 1;
				DEVELOPMENT_TEAM = AC9G84FCG3;
				GENERATE_INFOPLIST_FILE = YES;
				IPHONEOS_DEPLOYMENT_TARGET = 16.4;
				MARKETING_VERSION = 1.0;
				PRODUCT_BUNDLE_IDENTIFIER = ayubi.CodingChallengeVolocopterTests;
				PRODUCT_NAME = "$(TARGET_NAME)";
				SWIFT_EMIT_LOC_STRINGS = NO;
				SWIFT_VERSION = 5.0;
				TARGETED_DEVICE_FAMILY = "1,2";
				TEST_HOST = "$(BUILT_PRODUCTS_DIR)/CodingChallengeVolocopter.app/$(BUNDLE_EXECUTABLE_FOLDER_PATH)/CodingChallengeVolocopter";
			};
			name = Release;
		};
		5327CF4E2AFA4BBF00F6B175 /* Debug */ = {
			isa = XCBuildConfiguration;
			buildSettings = {
				ALWAYS_EMBED_SWIFT_STANDARD_LIBRARIES = YES;
				CODE_SIGN_STYLE = Automatic;
				CURRENT_PROJECT_VERSION = 1;
				DEVELOPMENT_TEAM = AC9G84FCG3;
				GENERATE_INFOPLIST_FILE = YES;
				MARKETING_VERSION = 1.0;
				PRODUCT_BUNDLE_IDENTIFIER = ayubi.CodingChallengeVolocopterUITests;
				PRODUCT_NAME = "$(TARGET_NAME)";
				SWIFT_EMIT_LOC_STRINGS = NO;
				SWIFT_VERSION = 5.0;
				TARGETED_DEVICE_FAMILY = "1,2";
				TEST_TARGET_NAME = CodingChallengeVolocopter;
			};
			name = Debug;
		};
		5327CF4F2AFA4BBF00F6B175 /* Release */ = {
			isa = XCBuildConfiguration;
			buildSettings = {
				ALWAYS_EMBED_SWIFT_STANDARD_LIBRARIES = YES;
				CODE_SIGN_STYLE = Automatic;
				CURRENT_PROJECT_VERSION = 1;
				DEVELOPMENT_TEAM = AC9G84FCG3;
				GENERATE_INFOPLIST_FILE = YES;
				MARKETING_VERSION = 1.0;
				PRODUCT_BUNDLE_IDENTIFIER = ayubi.CodingChallengeVolocopterUITests;
				PRODUCT_NAME = "$(TARGET_NAME)";
				SWIFT_EMIT_LOC_STRINGS = NO;
				SWIFT_VERSION = 5.0;
				TARGETED_DEVICE_FAMILY = "1,2";
				TEST_TARGET_NAME = CodingChallengeVolocopter;
			};
			name = Release;
		};
/* End XCBuildConfiguration section */

/* Begin XCConfigurationList section */
		5327CF192AFA4BBE00F6B175 /* Build configuration list for PBXProject "CodingChallengeVolocopter" */ = {
			isa = XCConfigurationList;
			buildConfigurations = (
				5327CF452AFA4BBF00F6B175 /* Debug */,
				5327CF462AFA4BBF00F6B175 /* Release */,
			);
			defaultConfigurationIsVisible = 0;
			defaultConfigurationName = Release;
		};
		5327CF472AFA4BBF00F6B175 /* Build configuration list for PBXNativeTarget "CodingChallengeVolocopter" */ = {
			isa = XCConfigurationList;
			buildConfigurations = (
				5327CF482AFA4BBF00F6B175 /* Debug */,
				5327CF492AFA4BBF00F6B175 /* Release */,
			);
			defaultConfigurationIsVisible = 0;
			defaultConfigurationName = Release;
		};
		5327CF4A2AFA4BBF00F6B175 /* Build configuration list for PBXNativeTarget "CodingChallengeVolocopterTests" */ = {
			isa = XCConfigurationList;
			buildConfigurations = (
				5327CF4B2AFA4BBF00F6B175 /* Debug */,
				5327CF4C2AFA4BBF00F6B175 /* Release */,
			);
			defaultConfigurationIsVisible = 0;
			defaultConfigurationName = Release;
		};
		5327CF4D2AFA4BBF00F6B175 /* Build configuration list for PBXNativeTarget "CodingChallengeVolocopterUITests" */ = {
			isa = XCConfigurationList;
			buildConfigurations = (
				5327CF4E2AFA4BBF00F6B175 /* Debug */,
				5327CF4F2AFA4BBF00F6B175 /* Release */,
			);
			defaultConfigurationIsVisible = 0;
			defaultConfigurationName = Release;
		};
/* End XCConfigurationList section */

/* Begin XCVersionGroup section */
		5327CF2C2AFA4BBF00F6B175 /* CodingChallengeVolocopter.xcdatamodeld */ = {
			isa = XCVersionGroup;
			children = (
				5327CF2D2AFA4BBF00F6B175 /* CodingChallengeVolocopter.xcdatamodel */,
			);
			currentVersion = 5327CF2D2AFA4BBF00F6B175 /* CodingChallengeVolocopter.xcdatamodel */;
			path = CodingChallengeVolocopter.xcdatamodeld;
			sourceTree = "<group>";
			versionGroupType = wrapper.xcdatamodel;
		};
/* End XCVersionGroup section */
	};
	rootObject = 5327CF162AFA4BBE00F6B175 /* Project object */;
}
